// !$*UTF8*$!
{
	archiveVersion = 1;
	classes = {
	};
	objectVersion = 46;
	objects = {

/* Begin PBXBuildFile section */
		65456AED1D2BBEF90048965E /* Localizable.strings in Resources */ = {isa = PBXBuildFile; fileRef = 65456AEF1D2BBEF90048965E /* Localizable.strings */; };
		65456AF21D2BC01C0048965E /* String+Extension.swift in Sources */ = {isa = PBXBuildFile; fileRef = 65456AF11D2BC01C0048965E /* String+Extension.swift */; };
		65456AF41D2BC9620048965E /* QuestionsSetsViewController.swift in Sources */ = {isa = PBXBuildFile; fileRef = 65456AF31D2BC9620048965E /* QuestionsSetsViewController.swift */; };
		659B504A1D2BE42900F8FA09 /* bensound-funkyelement.mp3 in Resources */ = {isa = PBXBuildFile; fileRef = 659B50491D2BE42900F8FA09 /* bensound-funkyelement.mp3 */; };
		659B504D1D2BE58B00F8FA09 /* correct.mp3 in Resources */ = {isa = PBXBuildFile; fileRef = 659B504B1D2BE58B00F8FA09 /* correct.mp3 */; };
		659B504E1D2BE58B00F8FA09 /* incorrect.wav in Resources */ = {isa = PBXBuildFile; fileRef = 659B504C1D2BE58B00F8FA09 /* incorrect.wav */; };
		65A816FF1D2D549B00BEFA2C /* SettingsViewController.swift in Sources */ = {isa = PBXBuildFile; fileRef = 65A816FE1D2D549B00BEFA2C /* SettingsViewController.swift */; };
		65AE3EC41D3A95F100125EE2 /* Settings.plist in Resources */ = {isa = PBXBuildFile; fileRef = 65AE3EC31D3A95F100125EE2 /* Settings.plist */; };
		65AE3EC81D3A9C7500125EE2 /* SettingsPlist.swift in Sources */ = {isa = PBXBuildFile; fileRef = 65AE3EC71D3A9C7500125EE2 /* SettingsPlist.swift */; };
		65AE3ECA1D3AA51300125EE2 /* PlistManager.swift in Sources */ = {isa = PBXBuildFile; fileRef = 65AE3EC91D3AA51300125EE2 /* PlistManager.swift */; };
		65C285C61D2A8176002F7DF8 /* MainViewController.swift in Sources */ = {isa = PBXBuildFile; fileRef = 65C285C51D2A8176002F7DF8 /* MainViewController.swift */; };
		65C285D41D2AB6A4002F7DF8 /* QuestionViewController.swift in Sources */ = {isa = PBXBuildFile; fileRef = 65C285D31D2AB6A4002F7DF8 /* QuestionViewController.swift */; };
		65CB4C461D29C3E300D2E1C1 /* AppDelegate.swift in Sources */ = {isa = PBXBuildFile; fileRef = 65CB4C451D29C3E300D2E1C1 /* AppDelegate.swift */; };
		65CB4C4B1D29C3E300D2E1C1 /* Main.storyboard in Resources */ = {isa = PBXBuildFile; fileRef = 65CB4C491D29C3E300D2E1C1 /* Main.storyboard */; };
		65CB4C4D1D29C3E300D2E1C1 /* Assets.xcassets in Resources */ = {isa = PBXBuildFile; fileRef = 65CB4C4C1D29C3E300D2E1C1 /* Assets.xcassets */; };
		8E30C75E1D351E6000CD32B0 /* AVAudioPlayer+Extension.swift in Sources */ = {isa = PBXBuildFile; fileRef = 8E30C75D1D351E6000CD32B0 /* AVAudioPlayer+Extension.swift */; };
		8E7F0EFC1D351CEA0048F1A0 /* Quiz.swift in Sources */ = {isa = PBXBuildFile; fileRef = 8E7F0EFB1D351CEA0048F1A0 /* Quiz.swift */; };
/* End PBXBuildFile section */

/* Begin PBXFileReference section */
		65456AEA1D2BBE8C0048965E /* es */ = {isa = PBXFileReference; lastKnownFileType = text.plist.strings; name = es; path = es.lproj/Main.strings; sourceTree = "<group>"; };
		65456AEE1D2BBEF90048965E /* en */ = {isa = PBXFileReference; lastKnownFileType = text.plist.strings; name = en; path = en.lproj/Localizable.strings; sourceTree = "<group>"; };
		65456AF01D2BBF190048965E /* es */ = {isa = PBXFileReference; lastKnownFileType = text.plist.strings; name = es; path = es.lproj/Localizable.strings; sourceTree = "<group>"; };
		65456AF11D2BC01C0048965E /* String+Extension.swift */ = {isa = PBXFileReference; fileEncoding = 4; lastKnownFileType = sourcecode.swift; path = "String+Extension.swift"; sourceTree = "<group>"; };
		65456AF31D2BC9620048965E /* QuestionsSetsViewController.swift */ = {isa = PBXFileReference; fileEncoding = 4; lastKnownFileType = sourcecode.swift; path = QuestionsSetsViewController.swift; sourceTree = "<group>"; };
		659B50491D2BE42900F8FA09 /* bensound-funkyelement.mp3 */ = {isa = PBXFileReference; lastKnownFileType = audio.mp3; path = "bensound-funkyelement.mp3"; sourceTree = "<group>"; };
		659B504B1D2BE58B00F8FA09 /* correct.mp3 */ = {isa = PBXFileReference; lastKnownFileType = audio.mp3; path = correct.mp3; sourceTree = "<group>"; };
		659B504C1D2BE58B00F8FA09 /* incorrect.wav */ = {isa = PBXFileReference; lastKnownFileType = audio.wav; path = incorrect.wav; sourceTree = "<group>"; };
		65A816FE1D2D549B00BEFA2C /* SettingsViewController.swift */ = {isa = PBXFileReference; fileEncoding = 4; lastKnownFileType = sourcecode.swift; path = SettingsViewController.swift; sourceTree = "<group>"; };
		65AE3EC31D3A95F100125EE2 /* Settings.plist */ = {isa = PBXFileReference; fileEncoding = 4; lastKnownFileType = text.plist.xml; path = Settings.plist; sourceTree = "<group>"; };
		65AE3EC71D3A9C7500125EE2 /* SettingsPlist.swift */ = {isa = PBXFileReference; fileEncoding = 4; lastKnownFileType = sourcecode.swift; path = SettingsPlist.swift; sourceTree = "<group>"; };
		65AE3EC91D3AA51300125EE2 /* PlistManager.swift */ = {isa = PBXFileReference; fileEncoding = 4; lastKnownFileType = sourcecode.swift; path = PlistManager.swift; sourceTree = "<group>"; };
		65C285C51D2A8176002F7DF8 /* MainViewController.swift */ = {isa = PBXFileReference; fileEncoding = 4; lastKnownFileType = sourcecode.swift; path = MainViewController.swift; sourceTree = "<group>"; };
		65C285D31D2AB6A4002F7DF8 /* QuestionViewController.swift */ = {isa = PBXFileReference; fileEncoding = 4; lastKnownFileType = sourcecode.swift; path = QuestionViewController.swift; sourceTree = "<group>"; };
		65CB4C421D29C3E300D2E1C1 /* Questions.app */ = {isa = PBXFileReference; explicitFileType = wrapper.application; includeInIndex = 0; path = Questions.app; sourceTree = BUILT_PRODUCTS_DIR; };
		65CB4C451D29C3E300D2E1C1 /* AppDelegate.swift */ = {isa = PBXFileReference; lastKnownFileType = sourcecode.swift; path = AppDelegate.swift; sourceTree = "<group>"; };
		65CB4C4A1D29C3E300D2E1C1 /* Base */ = {isa = PBXFileReference; lastKnownFileType = file.storyboard; name = Base; path = Base.lproj/Main.storyboard; sourceTree = "<group>"; };
		65CB4C4C1D29C3E300D2E1C1 /* Assets.xcassets */ = {isa = PBXFileReference; lastKnownFileType = folder.assetcatalog; path = Assets.xcassets; sourceTree = "<group>"; };
		65CB4C511D29C3E300D2E1C1 /* Info.plist */ = {isa = PBXFileReference; lastKnownFileType = text.plist.xml; path = Info.plist; sourceTree = "<group>"; };
		65CE0EED1D2C391500C163DB /* README.md */ = {isa = PBXFileReference; lastKnownFileType = net.daringfireball.markdown; path = README.md; sourceTree = "<group>"; };
		65CE0EEE1D2C3A5B00C163DB /* LICENCE */ = {isa = PBXFileReference; lastKnownFileType = text; path = LICENCE; sourceTree = "<group>"; };
		8E30C75D1D351E6000CD32B0 /* AVAudioPlayer+Extension.swift */ = {isa = PBXFileReference; fileEncoding = 4; lastKnownFileType = sourcecode.swift; path = "AVAudioPlayer+Extension.swift"; sourceTree = "<group>"; };
		8E7F0EFB1D351CEA0048F1A0 /* Quiz.swift */ = {isa = PBXFileReference; fileEncoding = 4; lastKnownFileType = sourcecode.swift; path = Quiz.swift; sourceTree = "<group>"; };
/* End PBXFileReference section */

/* Begin PBXFrameworksBuildPhase section */
		65CB4C3F1D29C3E300D2E1C1 /* Frameworks */ = {
			isa = PBXFrameworksBuildPhase;
			buildActionMask = 2147483647;
			files = (
			);
			runOnlyForDeploymentPostprocessing = 0;
		};
/* End PBXFrameworksBuildPhase section */

/* Begin PBXGroup section */
		659B50461D2BE40500F8FA09 /* Sounds */ = {
			isa = PBXGroup;
			children = (
				659B50491D2BE42900F8FA09 /* bensound-funkyelement.mp3 */,
				659B504B1D2BE58B00F8FA09 /* correct.mp3 */,
				659B504C1D2BE58B00F8FA09 /* incorrect.wav */,
			);
			name = Sounds;
			sourceTree = "<group>";
		};
		65CB4C391D29C3E300D2E1C1 = {
			isa = PBXGroup;
			children = (
				65CE0EEE1D2C3A5B00C163DB /* LICENCE */,
				65CE0EED1D2C391500C163DB /* README.md */,
				65CB4C441D29C3E300D2E1C1 /* Questions */,
				65CB4C431D29C3E300D2E1C1 /* Products */,
			);
			sourceTree = "<group>";
		};
		65CB4C431D29C3E300D2E1C1 /* Products */ = {
			isa = PBXGroup;
			children = (
				65CB4C421D29C3E300D2E1C1 /* Questions.app */,
			);
			name = Products;
			sourceTree = "<group>";
		};
		65CB4C441D29C3E300D2E1C1 /* Questions */ = {
			isa = PBXGroup;
			children = (
				8E7F0EFF1D351D560048F1A0 /* Extensions */,
				8E7F0EFE1D351D4F0048F1A0 /* Models */,
				8E7F0EFD1D351D410048F1A0 /* ViewControllers */,
				65CB4C491D29C3E300D2E1C1 /* Main.storyboard */,
				65456AEF1D2BBEF90048965E /* Localizable.strings */,
				65CB4C451D29C3E300D2E1C1 /* AppDelegate.swift */,
				65CB4C4C1D29C3E300D2E1C1 /* Assets.xcassets */,
				659B50461D2BE40500F8FA09 /* Sounds */,
				65CB4C511D29C3E300D2E1C1 /* Info.plist */,
				65AE3EC31D3A95F100125EE2 /* Settings.plist */,
			);
			path = Questions;
			sourceTree = "<group>";
		};
		8E7F0EFD1D351D410048F1A0 /* ViewControllers */ = {
			isa = PBXGroup;
			children = (
				65C285C51D2A8176002F7DF8 /* MainViewController.swift */,
				65A816FE1D2D549B00BEFA2C /* SettingsViewController.swift */,
				65456AF31D2BC9620048965E /* QuestionsSetsViewController.swift */,
				65C285D31D2AB6A4002F7DF8 /* QuestionViewController.swift */,
			);
			name = ViewControllers;
			sourceTree = "<group>";
		};
		8E7F0EFE1D351D4F0048F1A0 /* Models */ = {
			isa = PBXGroup;
			children = (
				8E7F0EFB1D351CEA0048F1A0 /* Quiz.swift */,
				65AE3EC71D3A9C7500125EE2 /* SettingsPlist.swift */,
				65AE3EC91D3AA51300125EE2 /* PlistManager.swift */,
			);
			name = Models;
			sourceTree = "<group>";
		};
		8E7F0EFF1D351D560048F1A0 /* Extensions */ = {
			isa = PBXGroup;
			children = (
				65456AF11D2BC01C0048965E /* String+Extension.swift */,
				8E30C75D1D351E6000CD32B0 /* AVAudioPlayer+Extension.swift */,
			);
			name = Extensions;
			sourceTree = "<group>";
		};
/* End PBXGroup section */

/* Begin PBXNativeTarget section */
		65CB4C411D29C3E300D2E1C1 /* Questions */ = {
			isa = PBXNativeTarget;
			buildConfigurationList = 65CB4C541D29C3E300D2E1C1 /* Build configuration list for PBXNativeTarget "Questions" */;
			buildPhases = (
				65CB4C3E1D29C3E300D2E1C1 /* Sources */,
				65CB4C3F1D29C3E300D2E1C1 /* Frameworks */,
				65CB4C401D29C3E300D2E1C1 /* Resources */,
				65E6770A1D2DB0510010C0D1 /* ShellScript */,
			);
			buildRules = (
			);
			dependencies = (
			);
			name = Questions;
			productName = Questions;
			productReference = 65CB4C421D29C3E300D2E1C1 /* Questions.app */;
			productType = "com.apple.product-type.application";
		};
/* End PBXNativeTarget section */

/* Begin PBXProject section */
		65CB4C3A1D29C3E300D2E1C1 /* Project object */ = {
			isa = PBXProject;
			attributes = {
				LastSwiftUpdateCheck = 0730;
				LastUpgradeCheck = 0730;
				ORGANIZATIONNAME = "Daniel Illescas Romero";
				TargetAttributes = {
					65CB4C411D29C3E300D2E1C1 = {
						CreatedOnToolsVersion = 7.3.1;
						DevelopmentTeam = PRK6268SLD;
					};
				};
			};
			buildConfigurationList = 65CB4C3D1D29C3E300D2E1C1 /* Build configuration list for PBXProject "Questions" */;
			compatibilityVersion = "Xcode 3.2";
			developmentRegion = English;
			hasScannedForEncodings = 0;
			knownRegions = (
				en,
				Base,
				es,
			);
			mainGroup = 65CB4C391D29C3E300D2E1C1;
			productRefGroup = 65CB4C431D29C3E300D2E1C1 /* Products */;
			projectDirPath = "";
			projectRoot = "";
			targets = (
				65CB4C411D29C3E300D2E1C1 /* Questions */,
			);
		};
/* End PBXProject section */

/* Begin PBXResourcesBuildPhase section */
		65CB4C401D29C3E300D2E1C1 /* Resources */ = {
			isa = PBXResourcesBuildPhase;
			buildActionMask = 2147483647;
			files = (
				659B504D1D2BE58B00F8FA09 /* correct.mp3 in Resources */,
				65CB4C4D1D29C3E300D2E1C1 /* Assets.xcassets in Resources */,
				659B504A1D2BE42900F8FA09 /* bensound-funkyelement.mp3 in Resources */,
				65456AED1D2BBEF90048965E /* Localizable.strings in Resources */,
				65AE3EC41D3A95F100125EE2 /* Settings.plist in Resources */,
				659B504E1D2BE58B00F8FA09 /* incorrect.wav in Resources */,
				65CB4C4B1D29C3E300D2E1C1 /* Main.storyboard in Resources */,
			);
			runOnlyForDeploymentPostprocessing = 0;
		};
/* End PBXResourcesBuildPhase section */

/* Begin PBXShellScriptBuildPhase section */
		65E6770A1D2DB0510010C0D1 /* ShellScript */ = {
			isa = PBXShellScriptBuildPhase;
			buildActionMask = 2147483647;
			files = (
			);
			inputPaths = (
			);
			outputPaths = (
			);
			runOnlyForDeploymentPostprocessing = 0;
			shellPath = /bin/sh;
			shellScript = "TAGS=\"TODO:|FIXME:\"\nfind \"${SRCROOT}\" \\( -name \"*.h\" -or -name \"*.m\" -or -name \"*.swift\" \\) -print0 | xargs -0 egrep --with-filename --line-number --only-matching \"($TAGS).*\\$\" | perl -p -e \"s/($TAGS)/ warning: \\$1/\"";
		};
/* End PBXShellScriptBuildPhase section */

/* Begin PBXSourcesBuildPhase section */
		65CB4C3E1D29C3E300D2E1C1 /* Sources */ = {
			isa = PBXSourcesBuildPhase;
			buildActionMask = 2147483647;
			files = (
				65AE3ECA1D3AA51300125EE2 /* PlistManager.swift in Sources */,
				65C285D41D2AB6A4002F7DF8 /* QuestionViewController.swift in Sources */,
				8E7F0EFC1D351CEA0048F1A0 /* Quiz.swift in Sources */,
				65456AF41D2BC9620048965E /* QuestionsSetsViewController.swift in Sources */,
				65456AF21D2BC01C0048965E /* String+Extension.swift in Sources */,
				65C285C61D2A8176002F7DF8 /* MainViewController.swift in Sources */,
				65CB4C461D29C3E300D2E1C1 /* AppDelegate.swift in Sources */,
				8E30C75E1D351E6000CD32B0 /* AVAudioPlayer+Extension.swift in Sources */,
				65A816FF1D2D549B00BEFA2C /* SettingsViewController.swift in Sources */,
				65AE3EC81D3A9C7500125EE2 /* SettingsPlist.swift in Sources */,
			);
			runOnlyForDeploymentPostprocessing = 0;
		};
/* End PBXSourcesBuildPhase section */

/* Begin PBXVariantGroup section */
		65456AEF1D2BBEF90048965E /* Localizable.strings */ = {
			isa = PBXVariantGroup;
			children = (
				65456AEE1D2BBEF90048965E /* en */,
				65456AF01D2BBF190048965E /* es */,
			);
			name = Localizable.strings;
			sourceTree = "<group>";
		};
		65CB4C491D29C3E300D2E1C1 /* Main.storyboard */ = {
			isa = PBXVariantGroup;
			children = (
				65CB4C4A1D29C3E300D2E1C1 /* Base */,
				65456AEA1D2BBE8C0048965E /* es */,
			);
			name = Main.storyboard;
			sourceTree = "<group>";
		};
/* End PBXVariantGroup section */

/* Begin XCBuildConfiguration section */
		65CB4C521D29C3E300D2E1C1 /* Debug */ = {
			isa = XCBuildConfiguration;
			buildSettings = {
				ALWAYS_SEARCH_USER_PATHS = NO;
				CLANG_ANALYZER_NONNULL = YES;
				CLANG_CXX_LANGUAGE_STANDARD = "gnu++0x";
				CLANG_CXX_LIBRARY = "libc++";
				CLANG_ENABLE_MODULES = YES;
				CLANG_ENABLE_OBJC_ARC = YES;
				CLANG_WARN_BOOL_CONVERSION = YES;
				CLANG_WARN_CONSTANT_CONVERSION = YES;
				CLANG_WARN_DIRECT_OBJC_ISA_USAGE = YES_ERROR;
				CLANG_WARN_EMPTY_BODY = YES;
				CLANG_WARN_ENUM_CONVERSION = YES;
				CLANG_WARN_INT_CONVERSION = YES;
				CLANG_WARN_OBJC_ROOT_CLASS = YES_ERROR;
				CLANG_WARN_UNREACHABLE_CODE = YES;
				CLANG_WARN__DUPLICATE_METHOD_MATCH = YES;
				"CODE_SIGN_IDENTITY[sdk=iphoneos*]" = "iPhone Developer";
				COPY_PHASE_STRIP = NO;
				DEBUG_INFORMATION_FORMAT = dwarf;
				ENABLE_STRICT_OBJC_MSGSEND = YES;
				ENABLE_TESTABILITY = YES;
				GCC_C_LANGUAGE_STANDARD = gnu99;
				GCC_DYNAMIC_NO_PIC = NO;
				GCC_NO_COMMON_BLOCKS = YES;
				GCC_OPTIMIZATION_LEVEL = 0;
				GCC_PREPROCESSOR_DEFINITIONS = (
					"DEBUG=1",
					"$(inherited)",
				);
				GCC_WARN_64_TO_32_BIT_CONVERSION = YES;
				GCC_WARN_ABOUT_RETURN_TYPE = YES_ERROR;
				GCC_WARN_UNDECLARED_SELECTOR = YES;
				GCC_WARN_UNINITIALIZED_AUTOS = YES_AGGRESSIVE;
				GCC_WARN_UNUSED_FUNCTION = YES;
				GCC_WARN_UNUSED_VARIABLE = YES;
				IPHONEOS_DEPLOYMENT_TARGET = 9.3;
				MTL_ENABLE_DEBUG_INFO = YES;
				ONLY_ACTIVE_ARCH = YES;
				SDKROOT = iphoneos;
				SWIFT_OPTIMIZATION_LEVEL = "-Onone";
				TARGETED_DEVICE_FAMILY = "1,2";
			};
			name = Debug;
		};
		65CB4C531D29C3E300D2E1C1 /* Release */ = {
			isa = XCBuildConfiguration;
			buildSettings = {
				ALWAYS_SEARCH_USER_PATHS = NO;
				CLANG_ANALYZER_NONNULL = YES;
				CLANG_CXX_LANGUAGE_STANDARD = "gnu++0x";
				CLANG_CXX_LIBRARY = "libc++";
				CLANG_ENABLE_MODULES = YES;
				CLANG_ENABLE_OBJC_ARC = YES;
				CLANG_WARN_BOOL_CONVERSION = YES;
				CLANG_WARN_CONSTANT_CONVERSION = YES;
				CLANG_WARN_DIRECT_OBJC_ISA_USAGE = YES_ERROR;
				CLANG_WARN_EMPTY_BODY = YES;
				CLANG_WARN_ENUM_CONVERSION = YES;
				CLANG_WARN_INT_CONVERSION = YES;
				CLANG_WARN_OBJC_ROOT_CLASS = YES_ERROR;
				CLANG_WARN_UNREACHABLE_CODE = YES;
				CLANG_WARN__DUPLICATE_METHOD_MATCH = YES;
				"CODE_SIGN_IDENTITY[sdk=iphoneos*]" = "iPhone Developer";
				COPY_PHASE_STRIP = NO;
				DEBUG_INFORMATION_FORMAT = "dwarf-with-dsym";
				ENABLE_NS_ASSERTIONS = NO;
				ENABLE_STRICT_OBJC_MSGSEND = YES;
				GCC_C_LANGUAGE_STANDARD = gnu99;
				GCC_NO_COMMON_BLOCKS = YES;
				GCC_WARN_64_TO_32_BIT_CONVERSION = YES;
				GCC_WARN_ABOUT_RETURN_TYPE = YES_ERROR;
				GCC_WARN_UNDECLARED_SELECTOR = YES;
				GCC_WARN_UNINITIALIZED_AUTOS = YES_AGGRESSIVE;
				GCC_WARN_UNUSED_FUNCTION = YES;
				GCC_WARN_UNUSED_VARIABLE = YES;
				IPHONEOS_DEPLOYMENT_TARGET = 9.3;
				MTL_ENABLE_DEBUG_INFO = NO;
				SDKROOT = iphoneos;
				TARGETED_DEVICE_FAMILY = "1,2";
				VALIDATE_PRODUCT = YES;
			};
			name = Release;
		};
		65CB4C551D29C3E300D2E1C1 /* Debug */ = {
			isa = XCBuildConfiguration;
			buildSettings = {
				ASSETCATALOG_COMPILER_APPICON_NAME = AppIcon;
				CODE_SIGN_IDENTITY = "iPhone Developer";
				"CODE_SIGN_IDENTITY[sdk=iphoneos*]" = "iPhone Developer";
				INFOPLIST_FILE = Questions/Info.plist;
				LD_RUNPATH_SEARCH_PATHS = "$(inherited) @executable_path/Frameworks";
				PRODUCT_BUNDLE_IDENTIFIER = "com.Daniel-illecas.QuestionsApp";
				PRODUCT_NAME = Questions;
				PROVISIONING_PROFILE = "";
			};
			name = Debug;
		};
		65CB4C561D29C3E300D2E1C1 /* Release */ = {
			isa = XCBuildConfiguration;
			buildSettings = {
				ASSETCATALOG_COMPILER_APPICON_NAME = AppIcon;
				CODE_SIGN_IDENTITY = "iPhone Developer";
				"CODE_SIGN_IDENTITY[sdk=iphoneos*]" = "iPhone Developer";
				INFOPLIST_FILE = Questions/Info.plist;
				LD_RUNPATH_SEARCH_PATHS = "$(inherited) @executable_path/Frameworks";
				PRODUCT_BUNDLE_IDENTIFIER = "com.Daniel-illecas.QuestionsApp";
				PRODUCT_NAME = Questions;
				PROVISIONING_PROFILE = "";
			};
			name = Release;
		};
/* End XCBuildConfiguration section */

/* Begin XCConfigurationList section */
		65CB4C3D1D29C3E300D2E1C1 /* Build configuration list for PBXProject "Questions" */ = {
			isa = XCConfigurationList;
			buildConfigurations = (
				65CB4C521D29C3E300D2E1C1 /* Debug */,
				65CB4C531D29C3E300D2E1C1 /* Release */,
			);
			defaultConfigurationIsVisible = 0;
			defaultConfigurationName = Release;
		};
		65CB4C541D29C3E300D2E1C1 /* Build configuration list for PBXNativeTarget "Questions" */ = {
			isa = XCConfigurationList;
			buildConfigurations = (
				65CB4C551D29C3E300D2E1C1 /* Debug */,
				65CB4C561D29C3E300D2E1C1 /* Release */,
			);
			defaultConfigurationIsVisible = 0;
			defaultConfigurationName = Release;
		};
/* End XCConfigurationList section */
	};
	rootObject = 65CB4C3A1D29C3E300D2E1C1 /* Project object */;
}
