// !$*UTF8*$!
{
	archiveVersion = 1;
	classes = {
	};
	objectVersion = 46;
	objects = {

/* Begin PBXBuildFile section */
		650745EE1EACCDF200BC178E /* InfoPlist.strings in Resources */ = {isa = PBXBuildFile; fileRef = 650745F01EACCDF200BC178E /* InfoPlist.strings */; };
		6524E2B11F4DE32100EEFB81 /* VolumeBar.swift in Sources */ = {isa = PBXBuildFile; fileRef = 6524E2B01F4DE32100EEFB81 /* VolumeBar.swift */; };
		652F17EC1D72FC1200F146A3 /* Collection+Extension.swift in Sources */ = {isa = PBXBuildFile; fileRef = 652F17EB1D72FC1200F146A3 /* Collection+Extension.swift */; };
		653D055E1D43961900865D43 /* QuestionsTests.swift in Sources */ = {isa = PBXBuildFile; fileRef = 653D055D1D43961900865D43 /* QuestionsTests.swift */; };
		653D056F1D43CD2D00865D43 /* QuestionsUITests.swift in Sources */ = {isa = PBXBuildFile; fileRef = 653D056E1D43CD2D00865D43 /* QuestionsUITests.swift */; };
		65456AED1D2BBEF90048965E /* Localizable.strings in Resources */ = {isa = PBXBuildFile; fileRef = 65456AEF1D2BBEF90048965E /* Localizable.strings */; };
		65456AF21D2BC01C0048965E /* String+Extension.swift in Sources */ = {isa = PBXBuildFile; fileRef = 65456AF11D2BC01C0048965E /* String+Extension.swift */; };
		65456AF41D2BC9620048965E /* TopicsViewController.swift in Sources */ = {isa = PBXBuildFile; fileRef = 65456AF31D2BC9620048965E /* TopicsViewController.swift */; };
		65456FF81D77A07A004A13B6 /* Colors+Extension.swift in Sources */ = {isa = PBXBuildFile; fileRef = 65456FF71D77A07A004A13B6 /* Colors+Extension.swift */; };
		654F9A3A1E775001002B6A82 /* QuizzesViewController.swift in Sources */ = {isa = PBXBuildFile; fileRef = 654F9A391E775001002B6A82 /* QuizzesViewController.swift */; };
		6560434A1E787D9D00A96192 /* People.json in Resources */ = {isa = PBXBuildFile; fileRef = 656043491E787D9D00A96192 /* People.json */; };
		6560434C1E787DC700A96192 /* Social.json in Resources */ = {isa = PBXBuildFile; fileRef = 6560434B1E787DC700A96192 /* Social.json */; };
		6560434E1E787E2700A96192 /* Technology.json in Resources */ = {isa = PBXBuildFile; fileRef = 6560434D1E787E2700A96192 /* Technology.json */; };
		656043531E787FEE00A96192 /* bensound-thelounge.mp3 in Resources */ = {isa = PBXBuildFile; fileRef = 656043501E787FEE00A96192 /* bensound-thelounge.mp3 */; };
		656043541E787FEE00A96192 /* correct.mp3 in Resources */ = {isa = PBXBuildFile; fileRef = 656043511E787FEE00A96192 /* correct.mp3 */; };
		657B1CB31F9292DE00D127F0 /* SettingsTableViewController.swift in Sources */ = {isa = PBXBuildFile; fileRef = 657B1CB21F9292DE00D127F0 /* SettingsTableViewController.swift */; };
		65822A141E7D5F4C00A1FE61 /* UIAlertController+Extension.swift in Sources */ = {isa = PBXBuildFile; fileRef = 65822A131E7D5F4C00A1FE61 /* UIAlertController+Extension.swift */; };
		65AE3EC81D3A9C7500125EE2 /* Settings.swift in Sources */ = {isa = PBXBuildFile; fileRef = 65AE3EC71D3A9C7500125EE2 /* Settings.swift */; };
		65B25B481E7C138100771F20 /* incorrect.wav in Resources */ = {isa = PBXBuildFile; fileRef = 65B25B471E7C138100771F20 /* incorrect.wav */; };
		65BF7CE31E68B4F7006A7706 /* Audio.swift in Sources */ = {isa = PBXBuildFile; fileRef = 65BF7CE21E68B4F7006A7706 /* Audio.swift */; };
		65C285C61D2A8176002F7DF8 /* MainViewController.swift in Sources */ = {isa = PBXBuildFile; fileRef = 65C285C51D2A8176002F7DF8 /* MainViewController.swift */; };
		65C285D41D2AB6A4002F7DF8 /* QuestionsViewController.swift in Sources */ = {isa = PBXBuildFile; fileRef = 65C285D31D2AB6A4002F7DF8 /* QuestionsViewController.swift */; };
		65CB4C461D29C3E300D2E1C1 /* AppDelegate.swift in Sources */ = {isa = PBXBuildFile; fileRef = 65CB4C451D29C3E300D2E1C1 /* AppDelegate.swift */; };
		65CB4C4B1D29C3E300D2E1C1 /* Main.storyboard in Resources */ = {isa = PBXBuildFile; fileRef = 65CB4C491D29C3E300D2E1C1 /* Main.storyboard */; };
		65D1EAFF1D3E89E80003C8DA /* Assets.xcassets in Resources */ = {isa = PBXBuildFile; fileRef = 65D1EAFE1D3E89E80003C8DA /* Assets.xcassets */; };
		65D348851F4C512400270B26 /* UIView+Extension.swift in Sources */ = {isa = PBXBuildFile; fileRef = 65D348841F4C512400270B26 /* UIView+Extension.swift */; };
		65DD23E11E7422C800462512 /* LicensesViewController.swift in Sources */ = {isa = PBXBuildFile; fileRef = 65DD23E01E7422C800462512 /* LicensesViewController.swift */; };
		65F4207F1E835A4F00BE90F0 /* QRScannerViewController.swift in Sources */ = {isa = PBXBuildFile; fileRef = 65F4207E1E835A4F00BE90F0 /* QRScannerViewController.swift */; };
		8E30C75E1D351E6000CD32B0 /* AVAudioPlayer+Extension.swift in Sources */ = {isa = PBXBuildFile; fileRef = 8E30C75D1D351E6000CD32B0 /* AVAudioPlayer+Extension.swift */; };
		8E7F0EFC1D351CEA0048F1A0 /* Quiz.swift in Sources */ = {isa = PBXBuildFile; fileRef = 8E7F0EFB1D351CEA0048F1A0 /* Quiz.swift */; };
/* End PBXBuildFile section */

/* Begin PBXContainerItemProxy section */
		653D05601D43961900865D43 /* PBXContainerItemProxy */ = {
			isa = PBXContainerItemProxy;
			containerPortal = 65CB4C3A1D29C3E300D2E1C1 /* Project object */;
			proxyType = 1;
			remoteGlobalIDString = 65CB4C411D29C3E300D2E1C1;
			remoteInfo = Questions;
		};
		653D05711D43CD2D00865D43 /* PBXContainerItemProxy */ = {
			isa = PBXContainerItemProxy;
			containerPortal = 65CB4C3A1D29C3E300D2E1C1 /* Project object */;
			proxyType = 1;
			remoteGlobalIDString = 65CB4C411D29C3E300D2E1C1;
			remoteInfo = Questions;
		};
/* End PBXContainerItemProxy section */

/* Begin PBXFileReference section */
		650745EF1EACCDF200BC178E /* es */ = {isa = PBXFileReference; lastKnownFileType = text.plist.strings; name = es; path = es.lproj/InfoPlist.strings; sourceTree = "<group>"; };
		6524E2B01F4DE32100EEFB81 /* VolumeBar.swift */ = {isa = PBXFileReference; lastKnownFileType = sourcecode.swift; path = VolumeBar.swift; sourceTree = "<group>"; };
		652F17EB1D72FC1200F146A3 /* Collection+Extension.swift */ = {isa = PBXFileReference; fileEncoding = 4; lastKnownFileType = sourcecode.swift; path = "Collection+Extension.swift"; sourceTree = "<group>"; };
		653D055B1D43961900865D43 /* QuestionsTests.xctest */ = {isa = PBXFileReference; explicitFileType = wrapper.cfbundle; includeInIndex = 0; path = QuestionsTests.xctest; sourceTree = BUILT_PRODUCTS_DIR; };
		653D055D1D43961900865D43 /* QuestionsTests.swift */ = {isa = PBXFileReference; lastKnownFileType = sourcecode.swift; path = QuestionsTests.swift; sourceTree = "<group>"; };
		653D055F1D43961900865D43 /* Info.plist */ = {isa = PBXFileReference; lastKnownFileType = text.plist.xml; path = Info.plist; sourceTree = "<group>"; };
		653D056C1D43CD2D00865D43 /* QuestionsUITests.xctest */ = {isa = PBXFileReference; explicitFileType = wrapper.cfbundle; includeInIndex = 0; path = QuestionsUITests.xctest; sourceTree = BUILT_PRODUCTS_DIR; };
		653D056E1D43CD2D00865D43 /* QuestionsUITests.swift */ = {isa = PBXFileReference; lastKnownFileType = sourcecode.swift; path = QuestionsUITests.swift; sourceTree = "<group>"; };
		653D05701D43CD2D00865D43 /* Info.plist */ = {isa = PBXFileReference; lastKnownFileType = text.plist.xml; path = Info.plist; sourceTree = "<group>"; };
		65456AEE1D2BBEF90048965E /* en */ = {isa = PBXFileReference; lastKnownFileType = text.plist.strings; name = en; path = en.lproj/Localizable.strings; sourceTree = "<group>"; };
		65456AF01D2BBF190048965E /* es */ = {isa = PBXFileReference; lastKnownFileType = text.plist.strings; name = es; path = es.lproj/Localizable.strings; sourceTree = "<group>"; };
		65456AF11D2BC01C0048965E /* String+Extension.swift */ = {isa = PBXFileReference; fileEncoding = 4; lastKnownFileType = sourcecode.swift; path = "String+Extension.swift"; sourceTree = "<group>"; };
		65456AF31D2BC9620048965E /* TopicsViewController.swift */ = {isa = PBXFileReference; fileEncoding = 4; lastKnownFileType = sourcecode.swift; path = TopicsViewController.swift; sourceTree = "<group>"; };
		65456FF71D77A07A004A13B6 /* Colors+Extension.swift */ = {isa = PBXFileReference; fileEncoding = 4; lastKnownFileType = sourcecode.swift; path = "Colors+Extension.swift"; sourceTree = "<group>"; };
		654F9A391E775001002B6A82 /* QuizzesViewController.swift */ = {isa = PBXFileReference; fileEncoding = 4; lastKnownFileType = sourcecode.swift; path = QuizzesViewController.swift; sourceTree = "<group>"; };
		656043491E787D9D00A96192 /* People.json */ = {isa = PBXFileReference; fileEncoding = 4; lastKnownFileType = text.json; path = People.json; sourceTree = "<group>"; };
		6560434B1E787DC700A96192 /* Social.json */ = {isa = PBXFileReference; fileEncoding = 4; lastKnownFileType = text.json; path = Social.json; sourceTree = "<group>"; };
		6560434D1E787E2700A96192 /* Technology.json */ = {isa = PBXFileReference; fileEncoding = 4; lastKnownFileType = text.json; path = Technology.json; sourceTree = "<group>"; };
		656043501E787FEE00A96192 /* bensound-thelounge.mp3 */ = {isa = PBXFileReference; lastKnownFileType = audio.mp3; path = "bensound-thelounge.mp3"; sourceTree = "<group>"; };
		656043511E787FEE00A96192 /* correct.mp3 */ = {isa = PBXFileReference; lastKnownFileType = audio.mp3; path = correct.mp3; sourceTree = "<group>"; };
		656A36441F6EA50B0073D662 /* Settings.png */ = {isa = PBXFileReference; lastKnownFileType = image.png; path = Settings.png; sourceTree = "<group>"; };
		656A36451F6EA50B0073D662 /* Main menu.png */ = {isa = PBXFileReference; lastKnownFileType = image.png; path = "Main menu.png"; sourceTree = "<group>"; };
		656A36461F6EA50B0073D662 /* Main menu dark.png */ = {isa = PBXFileReference; lastKnownFileType = image.png; path = "Main menu dark.png"; sourceTree = "<group>"; };
		656A36471F6EA50B0073D662 /* Settings dark.png */ = {isa = PBXFileReference; lastKnownFileType = image.png; path = "Settings dark.png"; sourceTree = "<group>"; };
		657B1CB21F9292DE00D127F0 /* SettingsTableViewController.swift */ = {isa = PBXFileReference; lastKnownFileType = sourcecode.swift; path = SettingsTableViewController.swift; sourceTree = "<group>"; };
		65822A131E7D5F4C00A1FE61 /* UIAlertController+Extension.swift */ = {isa = PBXFileReference; fileEncoding = 4; lastKnownFileType = sourcecode.swift; path = "UIAlertController+Extension.swift"; sourceTree = "<group>"; };
		65AE3EC71D3A9C7500125EE2 /* Settings.swift */ = {isa = PBXFileReference; fileEncoding = 4; lastKnownFileType = sourcecode.swift; path = Settings.swift; sourceTree = "<group>"; };
		65B25B471E7C138100771F20 /* incorrect.wav */ = {isa = PBXFileReference; lastKnownFileType = audio.wav; path = incorrect.wav; sourceTree = "<group>"; };
		65B25B621E7C268C00771F20 /* Correct.png */ = {isa = PBXFileReference; lastKnownFileType = image.png; path = Correct.png; sourceTree = "<group>"; };
		65B25B651E7C268C00771F20 /* Pause menu.png */ = {isa = PBXFileReference; lastKnownFileType = image.png; path = "Pause menu.png"; sourceTree = "<group>"; };
		65B25B661E7C268C00771F20 /* Questions.png */ = {isa = PBXFileReference; lastKnownFileType = image.png; path = Questions.png; sourceTree = "<group>"; };
		65B25B671E7C268C00771F20 /* Score alert.png */ = {isa = PBXFileReference; lastKnownFileType = image.png; path = "Score alert.png"; sourceTree = "<group>"; };
		65BF7CE21E68B4F7006A7706 /* Audio.swift */ = {isa = PBXFileReference; fileEncoding = 4; lastKnownFileType = sourcecode.swift; path = Audio.swift; sourceTree = "<group>"; };
		65C285C51D2A8176002F7DF8 /* MainViewController.swift */ = {isa = PBXFileReference; fileEncoding = 4; lastKnownFileType = sourcecode.swift; path = MainViewController.swift; sourceTree = "<group>"; };
		65C285D31D2AB6A4002F7DF8 /* QuestionsViewController.swift */ = {isa = PBXFileReference; fileEncoding = 4; lastKnownFileType = sourcecode.swift; path = QuestionsViewController.swift; sourceTree = "<group>"; };
		65CB4C421D29C3E300D2E1C1 /* Questions.app */ = {isa = PBXFileReference; explicitFileType = wrapper.application; includeInIndex = 0; path = Questions.app; sourceTree = BUILT_PRODUCTS_DIR; };
		65CB4C451D29C3E300D2E1C1 /* AppDelegate.swift */ = {isa = PBXFileReference; lastKnownFileType = sourcecode.swift; path = AppDelegate.swift; sourceTree = "<group>"; };
		65CB4C4A1D29C3E300D2E1C1 /* Base */ = {isa = PBXFileReference; lastKnownFileType = file.storyboard; name = Base; path = Base.lproj/Main.storyboard; sourceTree = "<group>"; };
		65CB4C511D29C3E300D2E1C1 /* Info.plist */ = {isa = PBXFileReference; lastKnownFileType = text.plist.xml; path = Info.plist; sourceTree = "<group>"; };
		65CE0EED1D2C391500C163DB /* README.md */ = {isa = PBXFileReference; lastKnownFileType = net.daringfireball.markdown; path = README.md; sourceTree = "<group>"; };
		65CE0EEE1D2C3A5B00C163DB /* LICENSE */ = {isa = PBXFileReference; lastKnownFileType = text; path = LICENSE; sourceTree = "<group>"; };
		65D1EAFE1D3E89E80003C8DA /* Assets.xcassets */ = {isa = PBXFileReference; lastKnownFileType = folder.assetcatalog; path = Assets.xcassets; sourceTree = "<group>"; };
		65D348841F4C512400270B26 /* UIView+Extension.swift */ = {isa = PBXFileReference; lastKnownFileType = sourcecode.swift; path = "UIView+Extension.swift"; sourceTree = "<group>"; };
		65DD23E01E7422C800462512 /* LicensesViewController.swift */ = {isa = PBXFileReference; fileEncoding = 4; lastKnownFileType = sourcecode.swift; path = LicensesViewController.swift; sourceTree = "<group>"; };
		65F4207E1E835A4F00BE90F0 /* QRScannerViewController.swift */ = {isa = PBXFileReference; fileEncoding = 4; lastKnownFileType = sourcecode.swift; path = QRScannerViewController.swift; sourceTree = "<group>"; };
		8E30C75D1D351E6000CD32B0 /* AVAudioPlayer+Extension.swift */ = {isa = PBXFileReference; fileEncoding = 4; lastKnownFileType = sourcecode.swift; path = "AVAudioPlayer+Extension.swift"; sourceTree = "<group>"; };
		8E7F0EFB1D351CEA0048F1A0 /* Quiz.swift */ = {isa = PBXFileReference; fileEncoding = 4; lastKnownFileType = sourcecode.swift; path = Quiz.swift; sourceTree = "<group>"; };
/* End PBXFileReference section */

/* Begin PBXFrameworksBuildPhase section */
		653D05581D43961900865D43 /* Frameworks */ = {
			isa = PBXFrameworksBuildPhase;
			buildActionMask = 2147483647;
			files = (
			);
			runOnlyForDeploymentPostprocessing = 0;
		};
		653D05691D43CD2D00865D43 /* Frameworks */ = {
			isa = PBXFrameworksBuildPhase;
			buildActionMask = 2147483647;
			files = (
			);
			runOnlyForDeploymentPostprocessing = 0;
		};
		65CB4C3F1D29C3E300D2E1C1 /* Frameworks */ = {
			isa = PBXFrameworksBuildPhase;
			buildActionMask = 2147483647;
			files = (
			);
			runOnlyForDeploymentPostprocessing = 0;
		};
/* End PBXFrameworksBuildPhase section */

/* Begin PBXGroup section */
		653D055C1D43961900865D43 /* QuestionsTests */ = {
			isa = PBXGroup;
			children = (
				653D055D1D43961900865D43 /* QuestionsTests.swift */,
				653D055F1D43961900865D43 /* Info.plist */,
			);
			path = QuestionsTests;
			sourceTree = "<group>";
		};
		653D056D1D43CD2D00865D43 /* QuestionsUITests */ = {
			isa = PBXGroup;
			children = (
				653D056E1D43CD2D00865D43 /* QuestionsUITests.swift */,
				653D05701D43CD2D00865D43 /* Info.plist */,
			);
			path = QuestionsUITests;
			sourceTree = "<group>";
		};
		656043481E787D9D00A96192 /* Questions */ = {
			isa = PBXGroup;
			children = (
				6560434D1E787E2700A96192 /* Technology.json */,
				6560434B1E787DC700A96192 /* Social.json */,
				656043491E787D9D00A96192 /* People.json */,
			);
			path = Questions;
			sourceTree = "<group>";
		};
		6560434F1E787FEE00A96192 /* Sounds */ = {
			isa = PBXGroup;
			children = (
				656043501E787FEE00A96192 /* bensound-thelounge.mp3 */,
				656043511E787FEE00A96192 /* correct.mp3 */,
				65B25B471E7C138100771F20 /* incorrect.wav */,
			);
			path = Sounds;
			sourceTree = "<group>";
		};
		65B25B611E7C268C00771F20 /* Images */ = {
			isa = PBXGroup;
			children = (
				65B25B621E7C268C00771F20 /* Correct.png */,
				656A36461F6EA50B0073D662 /* Main menu dark.png */,
				656A36451F6EA50B0073D662 /* Main menu.png */,
				656A36471F6EA50B0073D662 /* Settings dark.png */,
				656A36441F6EA50B0073D662 /* Settings.png */,
				65B25B651E7C268C00771F20 /* Pause menu.png */,
				65B25B661E7C268C00771F20 /* Questions.png */,
				65B25B671E7C268C00771F20 /* Score alert.png */,
			);
			path = Images;
			sourceTree = SOURCE_ROOT;
		};
		65CB4C391D29C3E300D2E1C1 = {
			isa = PBXGroup;
			children = (
				65CE0EEE1D2C3A5B00C163DB /* LICENSE */,
				65CE0EED1D2C391500C163DB /* README.md */,
				65CB4C441D29C3E300D2E1C1 /* Questions */,
				653D055C1D43961900865D43 /* QuestionsTests */,
				653D056D1D43CD2D00865D43 /* QuestionsUITests */,
				65CB4C431D29C3E300D2E1C1 /* Products */,
			);
			sourceTree = "<group>";
		};
		65CB4C431D29C3E300D2E1C1 /* Products */ = {
			isa = PBXGroup;
			children = (
				65CB4C421D29C3E300D2E1C1 /* Questions.app */,
				653D055B1D43961900865D43 /* QuestionsTests.xctest */,
				653D056C1D43CD2D00865D43 /* QuestionsUITests.xctest */,
			);
			name = Products;
			sourceTree = "<group>";
		};
		65CB4C441D29C3E300D2E1C1 /* Questions */ = {
			isa = PBXGroup;
			children = (
				8E7F0EFF1D351D560048F1A0 /* Extensions */,
				8E7F0EFE1D351D4F0048F1A0 /* Models */,
				8E7F0EFD1D351D410048F1A0 /* ViewControllers */,
				65CB4C491D29C3E300D2E1C1 /* Main.storyboard */,
				65D1EAFE1D3E89E80003C8DA /* Assets.xcassets */,
				65CB4C451D29C3E300D2E1C1 /* AppDelegate.swift */,
				65456AEF1D2BBEF90048965E /* Localizable.strings */,
				650745F01EACCDF200BC178E /* InfoPlist.strings */,
				65CB4C511D29C3E300D2E1C1 /* Info.plist */,
				6560434F1E787FEE00A96192 /* Sounds */,
				656043481E787D9D00A96192 /* Questions */,
				65B25B611E7C268C00771F20 /* Images */,
			);
			path = Questions;
			sourceTree = "<group>";
		};
		8E7F0EFD1D351D410048F1A0 /* ViewControllers */ = {
			isa = PBXGroup;
			children = (
				65C285C51D2A8176002F7DF8 /* MainViewController.swift */,
				65F4207E1E835A4F00BE90F0 /* QRScannerViewController.swift */,
				657B1CB21F9292DE00D127F0 /* SettingsTableViewController.swift */,
				65DD23E01E7422C800462512 /* LicensesViewController.swift */,
				65456AF31D2BC9620048965E /* TopicsViewController.swift */,
				654F9A391E775001002B6A82 /* QuizzesViewController.swift */,
				65C285D31D2AB6A4002F7DF8 /* QuestionsViewController.swift */,
			);
			name = ViewControllers;
			sourceTree = "<group>";
		};
		8E7F0EFE1D351D4F0048F1A0 /* Models */ = {
			isa = PBXGroup;
			children = (
				65BF7CE21E68B4F7006A7706 /* Audio.swift */,
				8E7F0EFB1D351CEA0048F1A0 /* Quiz.swift */,
				65AE3EC71D3A9C7500125EE2 /* Settings.swift */,
				6524E2B01F4DE32100EEFB81 /* VolumeBar.swift */,
			);
			name = Models;
			sourceTree = "<group>";
		};
		8E7F0EFF1D351D560048F1A0 /* Extensions */ = {
			isa = PBXGroup;
			children = (
				65456AF11D2BC01C0048965E /* String+Extension.swift */,
				8E30C75D1D351E6000CD32B0 /* AVAudioPlayer+Extension.swift */,
				652F17EB1D72FC1200F146A3 /* Collection+Extension.swift */,
				65456FF71D77A07A004A13B6 /* Colors+Extension.swift */,
				65822A131E7D5F4C00A1FE61 /* UIAlertController+Extension.swift */,
				65D348841F4C512400270B26 /* UIView+Extension.swift */,
			);
			name = Extensions;
			sourceTree = "<group>";
		};
/* End PBXGroup section */

/* Begin PBXNativeTarget section */
		653D055A1D43961900865D43 /* QuestionsTests */ = {
			isa = PBXNativeTarget;
			buildConfigurationList = 653D05621D43961900865D43 /* Build configuration list for PBXNativeTarget "QuestionsTests" */;
			buildPhases = (
				653D05571D43961900865D43 /* Sources */,
				653D05581D43961900865D43 /* Frameworks */,
				653D05591D43961900865D43 /* Resources */,
			);
			buildRules = (
			);
			dependencies = (
				653D05611D43961900865D43 /* PBXTargetDependency */,
			);
			name = QuestionsTests;
			productName = QuestionsTests;
			productReference = 653D055B1D43961900865D43 /* QuestionsTests.xctest */;
			productType = "com.apple.product-type.bundle.unit-test";
		};
		653D056B1D43CD2D00865D43 /* QuestionsUITests */ = {
			isa = PBXNativeTarget;
			buildConfigurationList = 653D05731D43CD2D00865D43 /* Build configuration list for PBXNativeTarget "QuestionsUITests" */;
			buildPhases = (
				653D05681D43CD2D00865D43 /* Sources */,
				653D05691D43CD2D00865D43 /* Frameworks */,
				653D056A1D43CD2D00865D43 /* Resources */,
			);
			buildRules = (
			);
			dependencies = (
				653D05721D43CD2D00865D43 /* PBXTargetDependency */,
			);
			name = QuestionsUITests;
			productName = QuestionsUITests;
			productReference = 653D056C1D43CD2D00865D43 /* QuestionsUITests.xctest */;
			productType = "com.apple.product-type.bundle.ui-testing";
		};
		65CB4C411D29C3E300D2E1C1 /* Questions */ = {
			isa = PBXNativeTarget;
			buildConfigurationList = 65CB4C541D29C3E300D2E1C1 /* Build configuration list for PBXNativeTarget "Questions" */;
			buildPhases = (
				65CB4C3E1D29C3E300D2E1C1 /* Sources */,
				65CB4C3F1D29C3E300D2E1C1 /* Frameworks */,
				65CB4C401D29C3E300D2E1C1 /* Resources */,
				65E6770A1D2DB0510010C0D1 /* ShellScript */,
			);
			buildRules = (
			);
			dependencies = (
			);
			name = Questions;
			productName = Questions;
			productReference = 65CB4C421D29C3E300D2E1C1 /* Questions.app */;
			productType = "com.apple.product-type.application";
		};
/* End PBXNativeTarget section */

/* Begin PBXProject section */
		65CB4C3A1D29C3E300D2E1C1 /* Project object */ = {
			isa = PBXProject;
			attributes = {
				LastSwiftUpdateCheck = 0730;
				LastUpgradeCheck = 0900;
				ORGANIZATIONNAME = "Daniel Illescas Romero";
				TargetAttributes = {
					653D055A1D43961900865D43 = {
						CreatedOnToolsVersion = 7.3.1;
						DevelopmentTeam = PRK6268SLD;
						LastSwiftMigration = 0900;
						TestTargetID = 65CB4C411D29C3E300D2E1C1;
					};
					653D056B1D43CD2D00865D43 = {
						CreatedOnToolsVersion = 7.3.1;
						DevelopmentTeam = PRK6268SLD;
						LastSwiftMigration = 0900;
						TestTargetID = 65CB4C411D29C3E300D2E1C1;
					};
					65CB4C411D29C3E300D2E1C1 = {
						CreatedOnToolsVersion = 7.3.1;
						DevelopmentTeam = PRK6268SLD;
						LastSwiftMigration = 0900;
					};
				};
			};
			buildConfigurationList = 65CB4C3D1D29C3E300D2E1C1 /* Build configuration list for PBXProject "Questions" */;
			compatibilityVersion = "Xcode 3.2";
			developmentRegion = English;
			hasScannedForEncodings = 0;
			knownRegions = (
				en,
				Base,
				es,
			);
			mainGroup = 65CB4C391D29C3E300D2E1C1;
			productRefGroup = 65CB4C431D29C3E300D2E1C1 /* Products */;
			projectDirPath = "";
			projectRoot = "";
			targets = (
				65CB4C411D29C3E300D2E1C1 /* Questions */,
				653D055A1D43961900865D43 /* QuestionsTests */,
				653D056B1D43CD2D00865D43 /* QuestionsUITests */,
			);
		};
/* End PBXProject section */

/* Begin PBXResourcesBuildPhase section */
		653D05591D43961900865D43 /* Resources */ = {
			isa = PBXResourcesBuildPhase;
			buildActionMask = 2147483647;
			files = (
			);
			runOnlyForDeploymentPostprocessing = 0;
		};
		653D056A1D43CD2D00865D43 /* Resources */ = {
			isa = PBXResourcesBuildPhase;
			buildActionMask = 2147483647;
			files = (
			);
			runOnlyForDeploymentPostprocessing = 0;
		};
		65CB4C401D29C3E300D2E1C1 /* Resources */ = {
			isa = PBXResourcesBuildPhase;
			buildActionMask = 2147483647;
			files = (
				656043531E787FEE00A96192 /* bensound-thelounge.mp3 in Resources */,
				6560434E1E787E2700A96192 /* Technology.json in Resources */,
				6560434A1E787D9D00A96192 /* People.json in Resources */,
				656043541E787FEE00A96192 /* correct.mp3 in Resources */,
				65B25B481E7C138100771F20 /* incorrect.wav in Resources */,
				6560434C1E787DC700A96192 /* Social.json in Resources */,
				65456AED1D2BBEF90048965E /* Localizable.strings in Resources */,
				65D1EAFF1D3E89E80003C8DA /* Assets.xcassets in Resources */,
				65CB4C4B1D29C3E300D2E1C1 /* Main.storyboard in Resources */,
				650745EE1EACCDF200BC178E /* InfoPlist.strings in Resources */,
			);
			runOnlyForDeploymentPostprocessing = 0;
		};
/* End PBXResourcesBuildPhase section */

/* Begin PBXShellScriptBuildPhase section */
		65E6770A1D2DB0510010C0D1 /* ShellScript */ = {
			isa = PBXShellScriptBuildPhase;
			buildActionMask = 2147483647;
			files = (
			);
			inputPaths = (
			);
			outputPaths = (
			);
			runOnlyForDeploymentPostprocessing = 0;
			shellPath = /bin/sh;
			shellScript = "TAGS=\"TODO:|FIXME:\"\nfind \"${SRCROOT}\" \\( -name \"*.h\" -or -name \"*.m\" -or -name \"*.swift\" \\) -print0 | xargs -0 egrep --with-filename --line-number --only-matching \"($TAGS).*\\$\" | perl -p -e \"s/($TAGS)/ warning: \\$1/\"";
		};
/* End PBXShellScriptBuildPhase section */

/* Begin PBXSourcesBuildPhase section */
		653D05571D43961900865D43 /* Sources */ = {
			isa = PBXSourcesBuildPhase;
			buildActionMask = 2147483647;
			files = (
				653D055E1D43961900865D43 /* QuestionsTests.swift in Sources */,
			);
			runOnlyForDeploymentPostprocessing = 0;
		};
		653D05681D43CD2D00865D43 /* Sources */ = {
			isa = PBXSourcesBuildPhase;
			buildActionMask = 2147483647;
			files = (
				653D056F1D43CD2D00865D43 /* QuestionsUITests.swift in Sources */,
			);
			runOnlyForDeploymentPostprocessing = 0;
		};
		65CB4C3E1D29C3E300D2E1C1 /* Sources */ = {
			isa = PBXSourcesBuildPhase;
			buildActionMask = 2147483647;
			files = (
				65BF7CE31E68B4F7006A7706 /* Audio.swift in Sources */,
				65C285D41D2AB6A4002F7DF8 /* QuestionsViewController.swift in Sources */,
				8E7F0EFC1D351CEA0048F1A0 /* Quiz.swift in Sources */,
				65456AF41D2BC9620048965E /* TopicsViewController.swift in Sources */,
				65F4207F1E835A4F00BE90F0 /* QRScannerViewController.swift in Sources */,
				65456FF81D77A07A004A13B6 /* Colors+Extension.swift in Sources */,
				65456AF21D2BC01C0048965E /* String+Extension.swift in Sources */,
				65D348851F4C512400270B26 /* UIView+Extension.swift in Sources */,
				65822A141E7D5F4C00A1FE61 /* UIAlertController+Extension.swift in Sources */,
				65DD23E11E7422C800462512 /* LicensesViewController.swift in Sources */,
				65C285C61D2A8176002F7DF8 /* MainViewController.swift in Sources */,
				6524E2B11F4DE32100EEFB81 /* VolumeBar.swift in Sources */,
				65CB4C461D29C3E300D2E1C1 /* AppDelegate.swift in Sources */,
				8E30C75E1D351E6000CD32B0 /* AVAudioPlayer+Extension.swift in Sources */,
				654F9A3A1E775001002B6A82 /* QuizzesViewController.swift in Sources */,
				652F17EC1D72FC1200F146A3 /* Collection+Extension.swift in Sources */,
				657B1CB31F9292DE00D127F0 /* SettingsTableViewController.swift in Sources */,
				65AE3EC81D3A9C7500125EE2 /* Settings.swift in Sources */,
			);
			runOnlyForDeploymentPostprocessing = 0;
		};
/* End PBXSourcesBuildPhase section */

/* Begin PBXTargetDependency section */
		653D05611D43961900865D43 /* PBXTargetDependency */ = {
			isa = PBXTargetDependency;
			target = 65CB4C411D29C3E300D2E1C1 /* Questions */;
			targetProxy = 653D05601D43961900865D43 /* PBXContainerItemProxy */;
		};
		653D05721D43CD2D00865D43 /* PBXTargetDependency */ = {
			isa = PBXTargetDependency;
			target = 65CB4C411D29C3E300D2E1C1 /* Questions */;
			targetProxy = 653D05711D43CD2D00865D43 /* PBXContainerItemProxy */;
		};
/* End PBXTargetDependency section */

/* Begin PBXVariantGroup section */
		650745F01EACCDF200BC178E /* InfoPlist.strings */ = {
			isa = PBXVariantGroup;
			children = (
				650745EF1EACCDF200BC178E /* es */,
			);
			name = InfoPlist.strings;
			sourceTree = "<group>";
		};
		65456AEF1D2BBEF90048965E /* Localizable.strings */ = {
			isa = PBXVariantGroup;
			children = (
				65456AEE1D2BBEF90048965E /* en */,
				65456AF01D2BBF190048965E /* es */,
			);
			name = Localizable.strings;
			sourceTree = "<group>";
		};
		65CB4C491D29C3E300D2E1C1 /* Main.storyboard */ = {
			isa = PBXVariantGroup;
			children = (
				65CB4C4A1D29C3E300D2E1C1 /* Base */,
			);
			name = Main.storyboard;
			sourceTree = "<group>";
		};
/* End PBXVariantGroup section */

/* Begin XCBuildConfiguration section */
		653D05631D43961900865D43 /* Debug */ = {
			isa = XCBuildConfiguration;
			buildSettings = {
				BUNDLE_LOADER = "$(TEST_HOST)";
				INFOPLIST_FILE = QuestionsTests/Info.plist;
				LD_RUNPATH_SEARCH_PATHS = "$(inherited) @executable_path/Frameworks @loader_path/Frameworks";
				PRODUCT_BUNDLE_IDENTIFIER = "com.Daniel-illecas.QuestionsTests";
				PRODUCT_NAME = "$(TARGET_NAME)";
				SWIFT_SWIFT3_OBJC_INFERENCE = On;
				SWIFT_VERSION = 4.0;
				TEST_HOST = "$(BUILT_PRODUCTS_DIR)/Questions.app/Questions";
			};
			name = Debug;
		};
		653D05641D43961900865D43 /* Release */ = {
			isa = XCBuildConfiguration;
			buildSettings = {
				BUNDLE_LOADER = "$(TEST_HOST)";
				INFOPLIST_FILE = QuestionsTests/Info.plist;
				LD_RUNPATH_SEARCH_PATHS = "$(inherited) @executable_path/Frameworks @loader_path/Frameworks";
				PRODUCT_BUNDLE_IDENTIFIER = "com.Daniel-illecas.QuestionsTests";
				PRODUCT_NAME = "$(TARGET_NAME)";
				SWIFT_SWIFT3_OBJC_INFERENCE = On;
				SWIFT_VERSION = 4.0;
				TEST_HOST = "$(BUILT_PRODUCTS_DIR)/Questions.app/Questions";
			};
			name = Release;
		};
		653D05741D43CD2D00865D43 /* Debug */ = {
			isa = XCBuildConfiguration;
			buildSettings = {
				DEVELOPMENT_TEAM = PRK6268SLD;
				INFOPLIST_FILE = QuestionsUITests/Info.plist;
				LD_RUNPATH_SEARCH_PATHS = "$(inherited) @executable_path/Frameworks @loader_path/Frameworks";
				PRODUCT_BUNDLE_IDENTIFIER = "com.Daniel-illecas.QuestionsUITests";
				PRODUCT_NAME = "$(TARGET_NAME)";
				SWIFT_SWIFT3_OBJC_INFERENCE = On;
				SWIFT_VERSION = 4.0;
				TEST_TARGET_NAME = Questions;
			};
			name = Debug;
		};
		653D05751D43CD2D00865D43 /* Release */ = {
			isa = XCBuildConfiguration;
			buildSettings = {
				DEVELOPMENT_TEAM = PRK6268SLD;
				INFOPLIST_FILE = QuestionsUITests/Info.plist;
				LD_RUNPATH_SEARCH_PATHS = "$(inherited) @executable_path/Frameworks @loader_path/Frameworks";
				PRODUCT_BUNDLE_IDENTIFIER = "com.Daniel-illecas.QuestionsUITests";
				PRODUCT_NAME = "$(TARGET_NAME)";
				SWIFT_SWIFT3_OBJC_INFERENCE = On;
				SWIFT_VERSION = 4.0;
				TEST_TARGET_NAME = Questions;
			};
			name = Release;
		};
		65CB4C521D29C3E300D2E1C1 /* Debug */ = {
			isa = XCBuildConfiguration;
			buildSettings = {
				ALWAYS_SEARCH_USER_PATHS = NO;
				ASSETCATALOG_COMPILER_OPTIMIZATION = space;
				CLANG_ANALYZER_LOCALIZABILITY_NONLOCALIZED = YES;
				CLANG_ANALYZER_NONNULL = YES;
				CLANG_CXX_LANGUAGE_STANDARD = "gnu++14";
				CLANG_CXX_LIBRARY = "libc++";
				CLANG_ENABLE_MODULES = YES;
				CLANG_ENABLE_OBJC_ARC = YES;
				CLANG_USE_OPTIMIZATION_PROFILE = YES;
				CLANG_WARN_BLOCK_CAPTURE_AUTORELEASING = YES;
				CLANG_WARN_BOOL_CONVERSION = YES;
				CLANG_WARN_COMMA = YES;
				CLANG_WARN_CONSTANT_CONVERSION = YES;
				CLANG_WARN_DIRECT_OBJC_ISA_USAGE = YES_ERROR;
				CLANG_WARN_EMPTY_BODY = YES;
				CLANG_WARN_ENUM_CONVERSION = YES;
				CLANG_WARN_INFINITE_RECURSION = YES;
				CLANG_WARN_INT_CONVERSION = YES;
				CLANG_WARN_NON_LITERAL_NULL_CONVERSION = YES;
				CLANG_WARN_OBJC_LITERAL_CONVERSION = YES;
				CLANG_WARN_OBJC_ROOT_CLASS = YES_ERROR;
				CLANG_WARN_RANGE_LOOP_ANALYSIS = YES;
				CLANG_WARN_STRICT_PROTOTYPES = YES;
				CLANG_WARN_SUSPICIOUS_MOVE = YES;
				CLANG_WARN_UNREACHABLE_CODE = YES;
				CLANG_WARN__DUPLICATE_METHOD_MATCH = YES;
				"CODE_SIGN_IDENTITY[sdk=iphoneos*]" = "iPhone Developer";
				COPY_PHASE_STRIP = NO;
				DEBUG_INFORMATION_FORMAT = dwarf;
				ENABLE_BITCODE = YES;
				ENABLE_STRICT_OBJC_MSGSEND = YES;
				ENABLE_TESTABILITY = YES;
				GCC_C_LANGUAGE_STANDARD = gnu11;
				GCC_DYNAMIC_NO_PIC = NO;
				GCC_NO_COMMON_BLOCKS = YES;
				GCC_OPTIMIZATION_LEVEL = 0;
				GCC_PREPROCESSOR_DEFINITIONS = (
					"DEBUG=1",
					"$(inherited)",
				);
				GCC_WARN_64_TO_32_BIT_CONVERSION = YES;
				GCC_WARN_ABOUT_RETURN_TYPE = YES_ERROR;
				GCC_WARN_UNDECLARED_SELECTOR = YES;
				GCC_WARN_UNINITIALIZED_AUTOS = YES_AGGRESSIVE;
				GCC_WARN_UNUSED_FUNCTION = YES;
				GCC_WARN_UNUSED_VARIABLE = YES;
				IPHONEOS_DEPLOYMENT_TARGET = 9.0;
				LLVM_LTO = NO;
				MTL_ENABLE_DEBUG_INFO = YES;
				ONLY_ACTIVE_ARCH = YES;
				RUN_CLANG_STATIC_ANALYZER = YES;
				SDKROOT = iphoneos;
				SWIFT_OPTIMIZATION_LEVEL = "-Onone";
				TARGETED_DEVICE_FAMILY = "1,2";
			};
			name = Debug;
		};
		65CB4C531D29C3E300D2E1C1 /* Release */ = {
			isa = XCBuildConfiguration;
			buildSettings = {
				ALWAYS_SEARCH_USER_PATHS = NO;
				ASSETCATALOG_COMPILER_OPTIMIZATION = space;
				CLANG_ANALYZER_LOCALIZABILITY_NONLOCALIZED = YES;
				CLANG_ANALYZER_NONNULL = YES;
				CLANG_CXX_LANGUAGE_STANDARD = "gnu++14";
				CLANG_CXX_LIBRARY = "libc++";
				CLANG_ENABLE_MODULES = YES;
				CLANG_ENABLE_OBJC_ARC = YES;
				CLANG_USE_OPTIMIZATION_PROFILE = YES;
				CLANG_WARN_BLOCK_CAPTURE_AUTORELEASING = YES;
				CLANG_WARN_BOOL_CONVERSION = YES;
				CLANG_WARN_COMMA = YES;
				CLANG_WARN_CONSTANT_CONVERSION = YES;
				CLANG_WARN_DIRECT_OBJC_ISA_USAGE = YES_ERROR;
				CLANG_WARN_EMPTY_BODY = YES;
				CLANG_WARN_ENUM_CONVERSION = YES;
				CLANG_WARN_INFINITE_RECURSION = YES;
				CLANG_WARN_INT_CONVERSION = YES;
				CLANG_WARN_NON_LITERAL_NULL_CONVERSION = YES;
				CLANG_WARN_OBJC_LITERAL_CONVERSION = YES;
				CLANG_WARN_OBJC_ROOT_CLASS = YES_ERROR;
				CLANG_WARN_RANGE_LOOP_ANALYSIS = YES;
				CLANG_WARN_STRICT_PROTOTYPES = YES;
				CLANG_WARN_SUSPICIOUS_MOVE = YES;
				CLANG_WARN_UNREACHABLE_CODE = YES;
				CLANG_WARN__DUPLICATE_METHOD_MATCH = YES;
				"CODE_SIGN_IDENTITY[sdk=iphoneos*]" = "iPhone Developer";
				COPY_PHASE_STRIP = NO;
				DEBUG_INFORMATION_FORMAT = "dwarf-with-dsym";
				ENABLE_BITCODE = YES;
				ENABLE_NS_ASSERTIONS = NO;
				ENABLE_STRICT_OBJC_MSGSEND = YES;
				GCC_C_LANGUAGE_STANDARD = gnu11;
				GCC_NO_COMMON_BLOCKS = YES;
				GCC_WARN_64_TO_32_BIT_CONVERSION = YES;
				GCC_WARN_ABOUT_RETURN_TYPE = YES_ERROR;
				GCC_WARN_UNDECLARED_SELECTOR = YES;
				GCC_WARN_UNINITIALIZED_AUTOS = YES_AGGRESSIVE;
				GCC_WARN_UNUSED_FUNCTION = YES;
				GCC_WARN_UNUSED_VARIABLE = YES;
				IPHONEOS_DEPLOYMENT_TARGET = 9.0;
				LLVM_LTO = NO;
				MTL_ENABLE_DEBUG_INFO = NO;
				ONLY_ACTIVE_ARCH = NO;
				RUN_CLANG_STATIC_ANALYZER = YES;
				SDKROOT = iphoneos;
				SWIFT_OPTIMIZATION_LEVEL = "-Owholemodule";
				TARGETED_DEVICE_FAMILY = "1,2";
				VALIDATE_PRODUCT = YES;
			};
			name = Release;
		};
		65CB4C551D29C3E300D2E1C1 /* Debug */ = {
			isa = XCBuildConfiguration;
			buildSettings = {
				ASSETCATALOG_COMPILER_APPICON_NAME = AppIcon;
				CODE_SIGN_IDENTITY = "iPhone Developer";
				"CODE_SIGN_IDENTITY[sdk=iphoneos*]" = "iPhone Developer";
				DEVELOPMENT_TEAM = PRK6268SLD;
				INFOPLIST_FILE = Questions/Info.plist;
				IPHONEOS_DEPLOYMENT_TARGET = 9.0;
				LD_RUNPATH_SEARCH_PATHS = "$(inherited) @executable_path/Frameworks";
				PRODUCT_BUNDLE_IDENTIFIER = "com.Daniel-illescas.QuestionsApp";
				PRODUCT_NAME = Questions;
				PROVISIONING_PROFILE = "";
				SWIFT_SWIFT3_OBJC_INFERENCE = On;
				SWIFT_VERSION = 4.0;
				WARNING_CFLAGS = "";
			};
			name = Debug;
		};
		65CB4C561D29C3E300D2E1C1 /* Release */ = {
			isa = XCBuildConfiguration;
			buildSettings = {
				ASSETCATALOG_COMPILER_APPICON_NAME = AppIcon;
				CODE_SIGN_IDENTITY = "iPhone Developer";
				"CODE_SIGN_IDENTITY[sdk=iphoneos*]" = "iPhone Developer";
				DEVELOPMENT_TEAM = PRK6268SLD;
				INFOPLIST_FILE = Questions/Info.plist;
				IPHONEOS_DEPLOYMENT_TARGET = 9.0;
				LD_RUNPATH_SEARCH_PATHS = "$(inherited) @executable_path/Frameworks";
				PRODUCT_BUNDLE_IDENTIFIER = "com.Daniel-illescas.QuestionsApp";
				PRODUCT_NAME = Questions;
				PROVISIONING_PROFILE = "";
				SWIFT_SWIFT3_OBJC_INFERENCE = On;
				SWIFT_VERSION = 4.0;
				WARNING_CFLAGS = "";
			};
			name = Release;
		};
/* End XCBuildConfiguration section */

/* Begin XCConfigurationList section */
		653D05621D43961900865D43 /* Build configuration list for PBXNativeTarget "QuestionsTests" */ = {
			isa = XCConfigurationList;
			buildConfigurations = (
				653D05631D43961900865D43 /* Debug */,
				653D05641D43961900865D43 /* Release */,
			);
			defaultConfigurationIsVisible = 0;
			defaultConfigurationName = Release;
		};
		653D05731D43CD2D00865D43 /* Build configuration list for PBXNativeTarget "QuestionsUITests" */ = {
			isa = XCConfigurationList;
			buildConfigurations = (
				653D05741D43CD2D00865D43 /* Debug */,
				653D05751D43CD2D00865D43 /* Release */,
			);
			defaultConfigurationIsVisible = 0;
			defaultConfigurationName = Release;
		};
		65CB4C3D1D29C3E300D2E1C1 /* Build configuration list for PBXProject "Questions" */ = {
			isa = XCConfigurationList;
			buildConfigurations = (
				65CB4C521D29C3E300D2E1C1 /* Debug */,
				65CB4C531D29C3E300D2E1C1 /* Release */,
			);
			defaultConfigurationIsVisible = 0;
			defaultConfigurationName = Release;
		};
		65CB4C541D29C3E300D2E1C1 /* Build configuration list for PBXNativeTarget "Questions" */ = {
			isa = XCConfigurationList;
			buildConfigurations = (
				65CB4C551D29C3E300D2E1C1 /* Debug */,
				65CB4C561D29C3E300D2E1C1 /* Release */,
			);
			defaultConfigurationIsVisible = 0;
			defaultConfigurationName = Release;
		};
/* End XCConfigurationList section */
	};
	rootObject = 65CB4C3A1D29C3E300D2E1C1 /* Project object */;
}
