// !$*UTF8*$!
{
	archiveVersion = 1;
	classes = {
	};
	objectVersion = 46;
	objects = {

/* Begin PBXBuildFile section */
		652F17EC1D72FC1200F146A3 /* Collection+Extension.swift in Sources */ = {isa = PBXBuildFile; fileRef = 652F17EB1D72FC1200F146A3 /* Collection+Extension.swift */; };
		653D055E1D43961900865D43 /* QuestionsTests.swift in Sources */ = {isa = PBXBuildFile; fileRef = 653D055D1D43961900865D43 /* QuestionsTests.swift */; };
		653D056F1D43CD2D00865D43 /* QuestionsUITests.swift in Sources */ = {isa = PBXBuildFile; fileRef = 653D056E1D43CD2D00865D43 /* QuestionsUITests.swift */; };
		65456AED1D2BBEF90048965E /* Localizable.strings in Resources */ = {isa = PBXBuildFile; fileRef = 65456AEF1D2BBEF90048965E /* Localizable.strings */; };
		65456AF21D2BC01C0048965E /* String+Extension.swift in Sources */ = {isa = PBXBuildFile; fileRef = 65456AF11D2BC01C0048965E /* String+Extension.swift */; };
		65456AF41D2BC9620048965E /* TopicsViewController.swift in Sources */ = {isa = PBXBuildFile; fileRef = 65456AF31D2BC9620048965E /* TopicsViewController.swift */; };
		65456FF81D77A07A004A13B6 /* UIColor+Extension.swift in Sources */ = {isa = PBXBuildFile; fileRef = 65456FF71D77A07A004A13B6 /* UIColor+Extension.swift */; };
		654F9A331E774AAF002B6A82 /* Technology.plist in Resources */ = {isa = PBXBuildFile; fileRef = 654F9A321E774AAF002B6A82 /* Technology.plist */; };
		654F9A361E774B07002B6A82 /* Social.plist in Resources */ = {isa = PBXBuildFile; fileRef = 654F9A351E774B07002B6A82 /* Social.plist */; };
		654F9A381E774B38002B6A82 /* People.plist in Resources */ = {isa = PBXBuildFile; fileRef = 654F9A371E774B38002B6A82 /* People.plist */; };
		654F9A3A1E775001002B6A82 /* QuestionsSetTableViewController.swift in Sources */ = {isa = PBXBuildFile; fileRef = 654F9A391E775001002B6A82 /* QuestionsSetTableViewController.swift */; };
		658D9D021E0C2279008D65B5 /* bensound-thelounge.mp3 in Resources */ = {isa = PBXBuildFile; fileRef = 658D9D011E0C2279008D65B5 /* bensound-thelounge.mp3 */; };
		659B504D1D2BE58B00F8FA09 /* correct.mp3 in Resources */ = {isa = PBXBuildFile; fileRef = 659B504B1D2BE58B00F8FA09 /* correct.mp3 */; };
		659B504E1D2BE58B00F8FA09 /* incorrect.wav in Resources */ = {isa = PBXBuildFile; fileRef = 659B504C1D2BE58B00F8FA09 /* incorrect.wav */; };
		65A816FF1D2D549B00BEFA2C /* SettingsViewController.swift in Sources */ = {isa = PBXBuildFile; fileRef = 65A816FE1D2D549B00BEFA2C /* SettingsViewController.swift */; };
		65AE3EC81D3A9C7500125EE2 /* Settings.swift in Sources */ = {isa = PBXBuildFile; fileRef = 65AE3EC71D3A9C7500125EE2 /* Settings.swift */; };
		65BF7CE31E68B4F7006A7706 /* Audio.swift in Sources */ = {isa = PBXBuildFile; fileRef = 65BF7CE21E68B4F7006A7706 /* Audio.swift */; };
		65C285C61D2A8176002F7DF8 /* MainViewController.swift in Sources */ = {isa = PBXBuildFile; fileRef = 65C285C51D2A8176002F7DF8 /* MainViewController.swift */; };
		65C285D41D2AB6A4002F7DF8 /* QuestionViewController.swift in Sources */ = {isa = PBXBuildFile; fileRef = 65C285D31D2AB6A4002F7DF8 /* QuestionViewController.swift */; };
		65CB4C461D29C3E300D2E1C1 /* AppDelegate.swift in Sources */ = {isa = PBXBuildFile; fileRef = 65CB4C451D29C3E300D2E1C1 /* AppDelegate.swift */; };
		65CB4C4B1D29C3E300D2E1C1 /* Main.storyboard in Resources */ = {isa = PBXBuildFile; fileRef = 65CB4C491D29C3E300D2E1C1 /* Main.storyboard */; };
		65D1EAFF1D3E89E80003C8DA /* Assets.xcassets in Resources */ = {isa = PBXBuildFile; fileRef = 65D1EAFE1D3E89E80003C8DA /* Assets.xcassets */; };
		65DD23E11E7422C800462512 /* LicensesViewController.swift in Sources */ = {isa = PBXBuildFile; fileRef = 65DD23E01E7422C800462512 /* LicensesViewController.swift */; };
		65E323641D40E67D00FB6D6E /* QuizTopics.plist in Resources */ = {isa = PBXBuildFile; fileRef = 65E323631D40E67D00FB6D6E /* QuizTopics.plist */; };
		8E30C75E1D351E6000CD32B0 /* AVAudioPlayer+Extension.swift in Sources */ = {isa = PBXBuildFile; fileRef = 8E30C75D1D351E6000CD32B0 /* AVAudioPlayer+Extension.swift */; };
		8E7F0EFC1D351CEA0048F1A0 /* Quiz.swift in Sources */ = {isa = PBXBuildFile; fileRef = 8E7F0EFB1D351CEA0048F1A0 /* Quiz.swift */; };
/* End PBXBuildFile section */

/* Begin PBXContainerItemProxy section */
		653D05601D43961900865D43 /* PBXContainerItemProxy */ = {
			isa = PBXContainerItemProxy;
			containerPortal = 65CB4C3A1D29C3E300D2E1C1 /* Project object */;
			proxyType = 1;
			remoteGlobalIDString = 65CB4C411D29C3E300D2E1C1;
			remoteInfo = Questions;
		};
		653D05711D43CD2D00865D43 /* PBXContainerItemProxy */ = {
			isa = PBXContainerItemProxy;
			containerPortal = 65CB4C3A1D29C3E300D2E1C1 /* Project object */;
			proxyType = 1;
			remoteGlobalIDString = 65CB4C411D29C3E300D2E1C1;
			remoteInfo = Questions;
		};
/* End PBXContainerItemProxy section */

/* Begin PBXFileReference section */
		652F17EB1D72FC1200F146A3 /* Collection+Extension.swift */ = {isa = PBXFileReference; fileEncoding = 4; lastKnownFileType = sourcecode.swift; path = "Collection+Extension.swift"; sourceTree = "<group>"; };
		653D055B1D43961900865D43 /* QuestionsTests.xctest */ = {isa = PBXFileReference; explicitFileType = wrapper.cfbundle; includeInIndex = 0; path = QuestionsTests.xctest; sourceTree = BUILT_PRODUCTS_DIR; };
		653D055D1D43961900865D43 /* QuestionsTests.swift */ = {isa = PBXFileReference; lastKnownFileType = sourcecode.swift; path = QuestionsTests.swift; sourceTree = "<group>"; };
		653D055F1D43961900865D43 /* Info.plist */ = {isa = PBXFileReference; lastKnownFileType = text.plist.xml; path = Info.plist; sourceTree = "<group>"; };
		653D056C1D43CD2D00865D43 /* QuestionsUITests.xctest */ = {isa = PBXFileReference; explicitFileType = wrapper.cfbundle; includeInIndex = 0; path = QuestionsUITests.xctest; sourceTree = BUILT_PRODUCTS_DIR; };
		653D056E1D43CD2D00865D43 /* QuestionsUITests.swift */ = {isa = PBXFileReference; lastKnownFileType = sourcecode.swift; path = QuestionsUITests.swift; sourceTree = "<group>"; };
		653D05701D43CD2D00865D43 /* Info.plist */ = {isa = PBXFileReference; lastKnownFileType = text.plist.xml; path = Info.plist; sourceTree = "<group>"; };
		65456AEE1D2BBEF90048965E /* en */ = {isa = PBXFileReference; lastKnownFileType = text.plist.strings; name = en; path = en.lproj/Localizable.strings; sourceTree = "<group>"; };
		65456AF01D2BBF190048965E /* es */ = {isa = PBXFileReference; lastKnownFileType = text.plist.strings; name = es; path = es.lproj/Localizable.strings; sourceTree = "<group>"; };
		65456AF11D2BC01C0048965E /* String+Extension.swift */ = {isa = PBXFileReference; fileEncoding = 4; lastKnownFileType = sourcecode.swift; path = "String+Extension.swift"; sourceTree = "<group>"; };
		65456AF31D2BC9620048965E /* TopicsViewController.swift */ = {isa = PBXFileReference; fileEncoding = 4; lastKnownFileType = sourcecode.swift; path = TopicsViewController.swift; sourceTree = "<group>"; };
		65456FF71D77A07A004A13B6 /* UIColor+Extension.swift */ = {isa = PBXFileReference; fileEncoding = 4; lastKnownFileType = sourcecode.swift; path = "UIColor+Extension.swift"; sourceTree = "<group>"; };
		654F9A321E774AAF002B6A82 /* Technology.plist */ = {isa = PBXFileReference; fileEncoding = 4; lastKnownFileType = text.plist.xml; path = Technology.plist; sourceTree = "<group>"; };
		654F9A351E774B07002B6A82 /* Social.plist */ = {isa = PBXFileReference; fileEncoding = 4; lastKnownFileType = text.plist.xml; path = Social.plist; sourceTree = "<group>"; };
		654F9A371E774B38002B6A82 /* People.plist */ = {isa = PBXFileReference; fileEncoding = 4; lastKnownFileType = text.plist.xml; path = People.plist; sourceTree = "<group>"; };
		654F9A391E775001002B6A82 /* QuestionsSetTableViewController.swift */ = {isa = PBXFileReference; fileEncoding = 4; lastKnownFileType = sourcecode.swift; path = QuestionsSetTableViewController.swift; sourceTree = "<group>"; };
		658D9D011E0C2279008D65B5 /* bensound-thelounge.mp3 */ = {isa = PBXFileReference; lastKnownFileType = audio.mp3; path = "bensound-thelounge.mp3"; sourceTree = "<group>"; };
		659B504B1D2BE58B00F8FA09 /* correct.mp3 */ = {isa = PBXFileReference; lastKnownFileType = audio.mp3; path = correct.mp3; sourceTree = "<group>"; };
		659B504C1D2BE58B00F8FA09 /* incorrect.wav */ = {isa = PBXFileReference; lastKnownFileType = audio.wav; path = incorrect.wav; sourceTree = "<group>"; };
		65A816FE1D2D549B00BEFA2C /* SettingsViewController.swift */ = {isa = PBXFileReference; fileEncoding = 4; lastKnownFileType = sourcecode.swift; path = SettingsViewController.swift; sourceTree = "<group>"; };
		65AE3EC71D3A9C7500125EE2 /* Settings.swift */ = {isa = PBXFileReference; fileEncoding = 4; lastKnownFileType = sourcecode.swift; path = Settings.swift; sourceTree = "<group>"; };
		65BF7CE21E68B4F7006A7706 /* Audio.swift */ = {isa = PBXFileReference; fileEncoding = 4; lastKnownFileType = sourcecode.swift; path = Audio.swift; sourceTree = "<group>"; };
		65C285C51D2A8176002F7DF8 /* MainViewController.swift */ = {isa = PBXFileReference; fileEncoding = 4; lastKnownFileType = sourcecode.swift; path = MainViewController.swift; sourceTree = "<group>"; };
		65C285D31D2AB6A4002F7DF8 /* QuestionViewController.swift */ = {isa = PBXFileReference; fileEncoding = 4; lastKnownFileType = sourcecode.swift; path = QuestionViewController.swift; sourceTree = "<group>"; };
		65CB4C421D29C3E300D2E1C1 /* Questions.app */ = {isa = PBXFileReference; explicitFileType = wrapper.application; includeInIndex = 0; path = Questions.app; sourceTree = BUILT_PRODUCTS_DIR; };
		65CB4C451D29C3E300D2E1C1 /* AppDelegate.swift */ = {isa = PBXFileReference; lastKnownFileType = sourcecode.swift; path = AppDelegate.swift; sourceTree = "<group>"; };
		65CB4C4A1D29C3E300D2E1C1 /* Base */ = {isa = PBXFileReference; lastKnownFileType = file.storyboard; name = Base; path = Base.lproj/Main.storyboard; sourceTree = "<group>"; };
		65CB4C511D29C3E300D2E1C1 /* Info.plist */ = {isa = PBXFileReference; lastKnownFileType = text.plist.xml; path = Info.plist; sourceTree = "<group>"; };
		65CE0EED1D2C391500C163DB /* README.md */ = {isa = PBXFileReference; lastKnownFileType = net.daringfireball.markdown; path = README.md; sourceTree = "<group>"; };
		65CE0EEE1D2C3A5B00C163DB /* LICENCE */ = {isa = PBXFileReference; lastKnownFileType = text; path = LICENCE; sourceTree = "<group>"; };
		65D1EAFE1D3E89E80003C8DA /* Assets.xcassets */ = {isa = PBXFileReference; lastKnownFileType = folder.assetcatalog; path = Assets.xcassets; sourceTree = "<group>"; };
		65DD23E01E7422C800462512 /* LicensesViewController.swift */ = {isa = PBXFileReference; fileEncoding = 4; lastKnownFileType = sourcecode.swift; path = LicensesViewController.swift; sourceTree = "<group>"; };
		65E323631D40E67D00FB6D6E /* QuizTopics.plist */ = {isa = PBXFileReference; fileEncoding = 4; lastKnownFileType = text.plist.xml; path = QuizTopics.plist; sourceTree = "<group>"; };
		8E30C75D1D351E6000CD32B0 /* AVAudioPlayer+Extension.swift */ = {isa = PBXFileReference; fileEncoding = 4; lastKnownFileType = sourcecode.swift; path = "AVAudioPlayer+Extension.swift"; sourceTree = "<group>"; };
		8E7F0EFB1D351CEA0048F1A0 /* Quiz.swift */ = {isa = PBXFileReference; fileEncoding = 4; lastKnownFileType = sourcecode.swift; path = Quiz.swift; sourceTree = "<group>"; };
/* End PBXFileReference section */

/* Begin PBXFrameworksBuildPhase section */
		653D05581D43961900865D43 /* Frameworks */ = {
			isa = PBXFrameworksBuildPhase;
			buildActionMask = 2147483647;
			files = (
			);
			runOnlyForDeploymentPostprocessing = 0;
		};
		653D05691D43CD2D00865D43 /* Frameworks */ = {
			isa = PBXFrameworksBuildPhase;
			buildActionMask = 2147483647;
			files = (
			);
			runOnlyForDeploymentPostprocessing = 0;
		};
		65CB4C3F1D29C3E300D2E1C1 /* Frameworks */ = {
			isa = PBXFrameworksBuildPhase;
			buildActionMask = 2147483647;
			files = (
			);
			runOnlyForDeploymentPostprocessing = 0;
		};
/* End PBXFrameworksBuildPhase section */

/* Begin PBXGroup section */
		653D055C1D43961900865D43 /* QuestionsTests */ = {
			isa = PBXGroup;
			children = (
				653D055D1D43961900865D43 /* QuestionsTests.swift */,
				653D055F1D43961900865D43 /* Info.plist */,
			);
			path = QuestionsTests;
			sourceTree = "<group>";
		};
		653D056D1D43CD2D00865D43 /* QuestionsUITests */ = {
			isa = PBXGroup;
			children = (
				653D056E1D43CD2D00865D43 /* QuestionsUITests.swift */,
				653D05701D43CD2D00865D43 /* Info.plist */,
			);
			path = QuestionsUITests;
			sourceTree = "<group>";
		};
		654F9A341E774AF4002B6A82 /* Questions */ = {
			isa = PBXGroup;
			children = (
				65E323631D40E67D00FB6D6E /* QuizTopics.plist */,
				654F9A3B1E77560E002B6A82 /* Quizzes */,
			);
			name = Questions;
			sourceTree = "<group>";
		};
		654F9A3B1E77560E002B6A82 /* Quizzes */ = {
			isa = PBXGroup;
			children = (
				654F9A321E774AAF002B6A82 /* Technology.plist */,
				654F9A351E774B07002B6A82 /* Social.plist */,
				654F9A371E774B38002B6A82 /* People.plist */,
			);
			name = Quizzes;
			sourceTree = "<group>";
		};
		659B50461D2BE40500F8FA09 /* Sounds */ = {
			isa = PBXGroup;
			children = (
				658D9D011E0C2279008D65B5 /* bensound-thelounge.mp3 */,
				659B504B1D2BE58B00F8FA09 /* correct.mp3 */,
				659B504C1D2BE58B00F8FA09 /* incorrect.wav */,
			);
			name = Sounds;
			sourceTree = "<group>";
		};
		65CB4C391D29C3E300D2E1C1 = {
			isa = PBXGroup;
			children = (
				65CE0EEE1D2C3A5B00C163DB /* LICENCE */,
				65CE0EED1D2C391500C163DB /* README.md */,
				65CB4C441D29C3E300D2E1C1 /* Questions */,
				653D055C1D43961900865D43 /* QuestionsTests */,
				653D056D1D43CD2D00865D43 /* QuestionsUITests */,
				65CB4C431D29C3E300D2E1C1 /* Products */,
			);
			sourceTree = "<group>";
		};
		65CB4C431D29C3E300D2E1C1 /* Products */ = {
			isa = PBXGroup;
			children = (
				65CB4C421D29C3E300D2E1C1 /* Questions.app */,
				653D055B1D43961900865D43 /* QuestionsTests.xctest */,
				653D056C1D43CD2D00865D43 /* QuestionsUITests.xctest */,
			);
			name = Products;
			sourceTree = "<group>";
		};
		65CB4C441D29C3E300D2E1C1 /* Questions */ = {
			isa = PBXGroup;
			children = (
				8E7F0EFF1D351D560048F1A0 /* Extensions */,
				8E7F0EFE1D351D4F0048F1A0 /* Models */,
				8E7F0EFD1D351D410048F1A0 /* ViewControllers */,
				65CB4C491D29C3E300D2E1C1 /* Main.storyboard */,
				65D1EAFE1D3E89E80003C8DA /* Assets.xcassets */,
				65456AEF1D2BBEF90048965E /* Localizable.strings */,
				65CB4C451D29C3E300D2E1C1 /* AppDelegate.swift */,
				659B50461D2BE40500F8FA09 /* Sounds */,
				65CB4C511D29C3E300D2E1C1 /* Info.plist */,
				654F9A341E774AF4002B6A82 /* Questions */,
			);
			path = Questions;
			sourceTree = "<group>";
		};
		8E7F0EFD1D351D410048F1A0 /* ViewControllers */ = {
			isa = PBXGroup;
			children = (
				65C285C51D2A8176002F7DF8 /* MainViewController.swift */,
				65A816FE1D2D549B00BEFA2C /* SettingsViewController.swift */,
				65DD23E01E7422C800462512 /* LicensesViewController.swift */,
				65456AF31D2BC9620048965E /* TopicsViewController.swift */,
				654F9A391E775001002B6A82 /* QuestionsSetTableViewController.swift */,
				65C285D31D2AB6A4002F7DF8 /* QuestionViewController.swift */,
			);
			name = ViewControllers;
			sourceTree = "<group>";
		};
		8E7F0EFE1D351D4F0048F1A0 /* Models */ = {
			isa = PBXGroup;
			children = (
				65BF7CE21E68B4F7006A7706 /* Audio.swift */,
				8E7F0EFB1D351CEA0048F1A0 /* Quiz.swift */,
				65AE3EC71D3A9C7500125EE2 /* Settings.swift */,
			);
			name = Models;
			sourceTree = "<group>";
		};
		8E7F0EFF1D351D560048F1A0 /* Extensions */ = {
			isa = PBXGroup;
			children = (
				65456AF11D2BC01C0048965E /* String+Extension.swift */,
				8E30C75D1D351E6000CD32B0 /* AVAudioPlayer+Extension.swift */,
				652F17EB1D72FC1200F146A3 /* Collection+Extension.swift */,
				65456FF71D77A07A004A13B6 /* UIColor+Extension.swift */,
			);
			name = Extensions;
			sourceTree = "<group>";
		};
/* End PBXGroup section */

/* Begin PBXNativeTarget section */
		653D055A1D43961900865D43 /* QuestionsTests */ = {
			isa = PBXNativeTarget;
			buildConfigurationList = 653D05621D43961900865D43 /* Build configuration list for PBXNativeTarget "QuestionsTests" */;
			buildPhases = (
				653D05571D43961900865D43 /* Sources */,
				653D05581D43961900865D43 /* Frameworks */,
				653D05591D43961900865D43 /* Resources */,
			);
			buildRules = (
			);
			dependencies = (
				653D05611D43961900865D43 /* PBXTargetDependency */,
			);
			name = QuestionsTests;
			productName = QuestionsTests;
			productReference = 653D055B1D43961900865D43 /* QuestionsTests.xctest */;
			productType = "com.apple.product-type.bundle.unit-test";
		};
		653D056B1D43CD2D00865D43 /* QuestionsUITests */ = {
			isa = PBXNativeTarget;
			buildConfigurationList = 653D05731D43CD2D00865D43 /* Build configuration list for PBXNativeTarget "QuestionsUITests" */;
			buildPhases = (
				653D05681D43CD2D00865D43 /* Sources */,
				653D05691D43CD2D00865D43 /* Frameworks */,
				653D056A1D43CD2D00865D43 /* Resources */,
			);
			buildRules = (
			);
			dependencies = (
				653D05721D43CD2D00865D43 /* PBXTargetDependency */,
			);
			name = QuestionsUITests;
			productName = QuestionsUITests;
			productReference = 653D056C1D43CD2D00865D43 /* QuestionsUITests.xctest */;
			productType = "com.apple.product-type.bundle.ui-testing";
		};
		65CB4C411D29C3E300D2E1C1 /* Questions */ = {
			isa = PBXNativeTarget;
			buildConfigurationList = 65CB4C541D29C3E300D2E1C1 /* Build configuration list for PBXNativeTarget "Questions" */;
			buildPhases = (
				65CB4C3E1D29C3E300D2E1C1 /* Sources */,
				65CB4C3F1D29C3E300D2E1C1 /* Frameworks */,
				65CB4C401D29C3E300D2E1C1 /* Resources */,
				65E6770A1D2DB0510010C0D1 /* ShellScript */,
			);
			buildRules = (
			);
			dependencies = (
			);
			name = Questions;
			productName = Questions;
			productReference = 65CB4C421D29C3E300D2E1C1 /* Questions.app */;
			productType = "com.apple.product-type.application";
		};
/* End PBXNativeTarget section */

/* Begin PBXProject section */
		65CB4C3A1D29C3E300D2E1C1 /* Project object */ = {
			isa = PBXProject;
			attributes = {
				LastSwiftUpdateCheck = 0730;
				LastUpgradeCheck = 0800;
				ORGANIZATIONNAME = "Daniel Illescas Romero";
				TargetAttributes = {
					653D055A1D43961900865D43 = {
						CreatedOnToolsVersion = 7.3.1;
						DevelopmentTeam = PRK6268SLD;
						LastSwiftMigration = 0800;
						TestTargetID = 65CB4C411D29C3E300D2E1C1;
					};
					653D056B1D43CD2D00865D43 = {
						CreatedOnToolsVersion = 7.3.1;
						DevelopmentTeam = PRK6268SLD;
						LastSwiftMigration = 0800;
						TestTargetID = 65CB4C411D29C3E300D2E1C1;
					};
					65CB4C411D29C3E300D2E1C1 = {
						CreatedOnToolsVersion = 7.3.1;
						DevelopmentTeam = PRK6268SLD;
						LastSwiftMigration = 0800;
					};
				};
			};
			buildConfigurationList = 65CB4C3D1D29C3E300D2E1C1 /* Build configuration list for PBXProject "Questions" */;
			compatibilityVersion = "Xcode 3.2";
			developmentRegion = English;
			hasScannedForEncodings = 0;
			knownRegions = (
				en,
				Base,
				es,
			);
			mainGroup = 65CB4C391D29C3E300D2E1C1;
			productRefGroup = 65CB4C431D29C3E300D2E1C1 /* Products */;
			projectDirPath = "";
			projectRoot = "";
			targets = (
				65CB4C411D29C3E300D2E1C1 /* Questions */,
				653D055A1D43961900865D43 /* QuestionsTests */,
				653D056B1D43CD2D00865D43 /* QuestionsUITests */,
			);
		};
/* End PBXProject section */

/* Begin PBXResourcesBuildPhase section */
		653D05591D43961900865D43 /* Resources */ = {
			isa = PBXResourcesBuildPhase;
			buildActionMask = 2147483647;
			files = (
			);
			runOnlyForDeploymentPostprocessing = 0;
		};
		653D056A1D43CD2D00865D43 /* Resources */ = {
			isa = PBXResourcesBuildPhase;
			buildActionMask = 2147483647;
			files = (
			);
			runOnlyForDeploymentPostprocessing = 0;
		};
		65CB4C401D29C3E300D2E1C1 /* Resources */ = {
			isa = PBXResourcesBuildPhase;
			buildActionMask = 2147483647;
			files = (
				658D9D021E0C2279008D65B5 /* bensound-thelounge.mp3 in Resources */,
				659B504D1D2BE58B00F8FA09 /* correct.mp3 in Resources */,
				65456AED1D2BBEF90048965E /* Localizable.strings in Resources */,
				65D1EAFF1D3E89E80003C8DA /* Assets.xcassets in Resources */,
				65E323641D40E67D00FB6D6E /* QuizTopics.plist in Resources */,
				654F9A381E774B38002B6A82 /* People.plist in Resources */,
				659B504E1D2BE58B00F8FA09 /* incorrect.wav in Resources */,
				654F9A331E774AAF002B6A82 /* Technology.plist in Resources */,
				654F9A361E774B07002B6A82 /* Social.plist in Resources */,
				65CB4C4B1D29C3E300D2E1C1 /* Main.storyboard in Resources */,
			);
			runOnlyForDeploymentPostprocessing = 0;
		};
/* End PBXResourcesBuildPhase section */

/* Begin PBXShellScriptBuildPhase section */
		65E6770A1D2DB0510010C0D1 /* ShellScript */ = {
			isa = PBXShellScriptBuildPhase;
			buildActionMask = 2147483647;
			files = (
			);
			inputPaths = (
			);
			outputPaths = (
			);
			runOnlyForDeploymentPostprocessing = 0;
			shellPath = /bin/sh;
			shellScript = "TAGS=\"TODO:|FIXME:\"\nfind \"${SRCROOT}\" \\( -name \"*.h\" -or -name \"*.m\" -or -name \"*.swift\" \\) -print0 | xargs -0 egrep --with-filename --line-number --only-matching \"($TAGS).*\\$\" | perl -p -e \"s/($TAGS)/ warning: \\$1/\"";
		};
/* End PBXShellScriptBuildPhase section */

/* Begin PBXSourcesBuildPhase section */
		653D05571D43961900865D43 /* Sources */ = {
			isa = PBXSourcesBuildPhase;
			buildActionMask = 2147483647;
			files = (
				653D055E1D43961900865D43 /* QuestionsTests.swift in Sources */,
			);
			runOnlyForDeploymentPostprocessing = 0;
		};
		653D05681D43CD2D00865D43 /* Sources */ = {
			isa = PBXSourcesBuildPhase;
			buildActionMask = 2147483647;
			files = (
				653D056F1D43CD2D00865D43 /* QuestionsUITests.swift in Sources */,
			);
			runOnlyForDeploymentPostprocessing = 0;
		};
		65CB4C3E1D29C3E300D2E1C1 /* Sources */ = {
			isa = PBXSourcesBuildPhase;
			buildActionMask = 2147483647;
			files = (
				65BF7CE31E68B4F7006A7706 /* Audio.swift in Sources */,
				65C285D41D2AB6A4002F7DF8 /* QuestionViewController.swift in Sources */,
				8E7F0EFC1D351CEA0048F1A0 /* Quiz.swift in Sources */,
				65456AF41D2BC9620048965E /* TopicsViewController.swift in Sources */,
				65456FF81D77A07A004A13B6 /* UIColor+Extension.swift in Sources */,
				65456AF21D2BC01C0048965E /* String+Extension.swift in Sources */,
				65DD23E11E7422C800462512 /* LicensesViewController.swift in Sources */,
				65C285C61D2A8176002F7DF8 /* MainViewController.swift in Sources */,
				65CB4C461D29C3E300D2E1C1 /* AppDelegate.swift in Sources */,
				8E30C75E1D351E6000CD32B0 /* AVAudioPlayer+Extension.swift in Sources */,
				654F9A3A1E775001002B6A82 /* QuestionsSetTableViewController.swift in Sources */,
				652F17EC1D72FC1200F146A3 /* Collection+Extension.swift in Sources */,
				65A816FF1D2D549B00BEFA2C /* SettingsViewController.swift in Sources */,
				65AE3EC81D3A9C7500125EE2 /* Settings.swift in Sources */,
			);
			runOnlyForDeploymentPostprocessing = 0;
		};
/* End PBXSourcesBuildPhase section */

/* Begin PBXTargetDependency section */
		653D05611D43961900865D43 /* PBXTargetDependency */ = {
			isa = PBXTargetDependency;
			target = 65CB4C411D29C3E300D2E1C1 /* Questions */;
			targetProxy = 653D05601D43961900865D43 /* PBXContainerItemProxy */;
		};
		653D05721D43CD2D00865D43 /* PBXTargetDependency */ = {
			isa = PBXTargetDependency;
			target = 65CB4C411D29C3E300D2E1C1 /* Questions */;
			targetProxy = 653D05711D43CD2D00865D43 /* PBXContainerItemProxy */;
		};
/* End PBXTargetDependency section */

/* Begin PBXVariantGroup section */
		65456AEF1D2BBEF90048965E /* Localizable.strings */ = {
			isa = PBXVariantGroup;
			children = (
				65456AEE1D2BBEF90048965E /* en */,
				65456AF01D2BBF190048965E /* es */,
			);
			name = Localizable.strings;
			sourceTree = "<group>";
		};
		65CB4C491D29C3E300D2E1C1 /* Main.storyboard */ = {
			isa = PBXVariantGroup;
			children = (
				65CB4C4A1D29C3E300D2E1C1 /* Base */,
			);
			name = Main.storyboard;
			sourceTree = "<group>";
		};
/* End PBXVariantGroup section */

/* Begin XCBuildConfiguration section */
		653D05631D43961900865D43 /* Debug */ = {
			isa = XCBuildConfiguration;
			buildSettings = {
				BUNDLE_LOADER = "$(TEST_HOST)";
				INFOPLIST_FILE = QuestionsTests/Info.plist;
				LD_RUNPATH_SEARCH_PATHS = "$(inherited) @executable_path/Frameworks @loader_path/Frameworks";
				PRODUCT_BUNDLE_IDENTIFIER = "com.Daniel-illecas.QuestionsTests";
				PRODUCT_NAME = "$(TARGET_NAME)";
				SWIFT_VERSION = 3.0;
				TEST_HOST = "$(BUILT_PRODUCTS_DIR)/Questions.app/Questions";
			};
			name = Debug;
		};
		653D05641D43961900865D43 /* Release */ = {
			isa = XCBuildConfiguration;
			buildSettings = {
				BUNDLE_LOADER = "$(TEST_HOST)";
				INFOPLIST_FILE = QuestionsTests/Info.plist;
				LD_RUNPATH_SEARCH_PATHS = "$(inherited) @executable_path/Frameworks @loader_path/Frameworks";
				PRODUCT_BUNDLE_IDENTIFIER = "com.Daniel-illecas.QuestionsTests";
				PRODUCT_NAME = "$(TARGET_NAME)";
				SWIFT_VERSION = 3.0;
				TEST_HOST = "$(BUILT_PRODUCTS_DIR)/Questions.app/Questions";
			};
			name = Release;
		};
		653D05741D43CD2D00865D43 /* Debug */ = {
			isa = XCBuildConfiguration;
			buildSettings = {
				INFOPLIST_FILE = QuestionsUITests/Info.plist;
				LD_RUNPATH_SEARCH_PATHS = "$(inherited) @executable_path/Frameworks @loader_path/Frameworks";
				PRODUCT_BUNDLE_IDENTIFIER = "com.Daniel-illecas.QuestionsUITests";
				PRODUCT_NAME = "$(TARGET_NAME)";
				SWIFT_VERSION = 3.0;
				TEST_TARGET_NAME = Questions;
			};
			name = Debug;
		};
		653D05751D43CD2D00865D43 /* Release */ = {
			isa = XCBuildConfiguration;
			buildSettings = {
				INFOPLIST_FILE = QuestionsUITests/Info.plist;
				LD_RUNPATH_SEARCH_PATHS = "$(inherited) @executable_path/Frameworks @loader_path/Frameworks";
				PRODUCT_BUNDLE_IDENTIFIER = "com.Daniel-illecas.QuestionsUITests";
				PRODUCT_NAME = "$(TARGET_NAME)";
				SWIFT_VERSION = 3.0;
				TEST_TARGET_NAME = Questions;
			};
			name = Release;
		};
		65CB4C521D29C3E300D2E1C1 /* Debug */ = {
			isa = XCBuildConfiguration;
			buildSettings = {
				ALWAYS_SEARCH_USER_PATHS = NO;
				ASSETCATALOG_COMPILER_OPTIMIZATION = space;
				CLANG_ANALYZER_LOCALIZABILITY_NONLOCALIZED = YES;
				CLANG_ANALYZER_NONNULL = YES;
				CLANG_CXX_LANGUAGE_STANDARD = "gnu++14";
				CLANG_CXX_LIBRARY = "libc++";
				CLANG_ENABLE_MODULES = YES;
				CLANG_ENABLE_OBJC_ARC = YES;
				CLANG_USE_OPTIMIZATION_PROFILE = YES;
				CLANG_WARN_BOOL_CONVERSION = YES;
				CLANG_WARN_CONSTANT_CONVERSION = YES;
				CLANG_WARN_DIRECT_OBJC_ISA_USAGE = YES_ERROR;
				CLANG_WARN_EMPTY_BODY = YES;
				CLANG_WARN_ENUM_CONVERSION = YES;
				CLANG_WARN_INFINITE_RECURSION = YES;
				CLANG_WARN_INT_CONVERSION = YES;
				CLANG_WARN_OBJC_ROOT_CLASS = YES_ERROR;
				CLANG_WARN_SUSPICIOUS_MOVE = YES;
				CLANG_WARN_UNREACHABLE_CODE = YES;
				CLANG_WARN__DUPLICATE_METHOD_MATCH = YES;
				"CODE_SIGN_IDENTITY[sdk=iphoneos*]" = "iPhone Developer";
				COPY_PHASE_STRIP = NO;
				DEBUG_INFORMATION_FORMAT = dwarf;
				ENABLE_BITCODE = YES;
				ENABLE_STRICT_OBJC_MSGSEND = YES;
				ENABLE_TESTABILITY = YES;
				GCC_C_LANGUAGE_STANDARD = gnu11;
				GCC_DYNAMIC_NO_PIC = NO;
				GCC_NO_COMMON_BLOCKS = YES;
				GCC_OPTIMIZATION_LEVEL = 0;
				GCC_PREPROCESSOR_DEFINITIONS = (
					"DEBUG=1",
					"$(inherited)",
				);
				GCC_WARN_64_TO_32_BIT_CONVERSION = YES;
				GCC_WARN_ABOUT_RETURN_TYPE = YES_ERROR;
				GCC_WARN_UNDECLARED_SELECTOR = YES;
				GCC_WARN_UNINITIALIZED_AUTOS = YES_AGGRESSIVE;
				GCC_WARN_UNUSED_FUNCTION = YES;
				GCC_WARN_UNUSED_VARIABLE = YES;
				IPHONEOS_DEPLOYMENT_TARGET = 8.0;
				LLVM_LTO = NO;
				MTL_ENABLE_DEBUG_INFO = YES;
				ONLY_ACTIVE_ARCH = YES;
				SDKROOT = iphoneos;
				SWIFT_OPTIMIZATION_LEVEL = "-Onone";
				TARGETED_DEVICE_FAMILY = "1,2";
			};
			name = Debug;
		};
		65CB4C531D29C3E300D2E1C1 /* Release */ = {
			isa = XCBuildConfiguration;
			buildSettings = {
				ALWAYS_SEARCH_USER_PATHS = NO;
				ASSETCATALOG_COMPILER_OPTIMIZATION = space;
				CLANG_ANALYZER_LOCALIZABILITY_NONLOCALIZED = YES;
				CLANG_ANALYZER_NONNULL = YES;
				CLANG_CXX_LANGUAGE_STANDARD = "gnu++14";
				CLANG_CXX_LIBRARY = "libc++";
				CLANG_ENABLE_MODULES = YES;
				CLANG_ENABLE_OBJC_ARC = YES;
				CLANG_USE_OPTIMIZATION_PROFILE = YES;
				CLANG_WARN_BOOL_CONVERSION = YES;
				CLANG_WARN_CONSTANT_CONVERSION = YES;
				CLANG_WARN_DIRECT_OBJC_ISA_USAGE = YES_ERROR;
				CLANG_WARN_EMPTY_BODY = YES;
				CLANG_WARN_ENUM_CONVERSION = YES;
				CLANG_WARN_INFINITE_RECURSION = YES;
				CLANG_WARN_INT_CONVERSION = YES;
				CLANG_WARN_OBJC_ROOT_CLASS = YES_ERROR;
				CLANG_WARN_SUSPICIOUS_MOVE = YES;
				CLANG_WARN_UNREACHABLE_CODE = YES;
				CLANG_WARN__DUPLICATE_METHOD_MATCH = YES;
				"CODE_SIGN_IDENTITY[sdk=iphoneos*]" = "iPhone Developer";
				COPY_PHASE_STRIP = NO;
				DEBUG_INFORMATION_FORMAT = "dwarf-with-dsym";
				ENABLE_BITCODE = YES;
				ENABLE_NS_ASSERTIONS = NO;
				ENABLE_STRICT_OBJC_MSGSEND = YES;
				GCC_C_LANGUAGE_STANDARD = gnu11;
				GCC_NO_COMMON_BLOCKS = YES;
				GCC_WARN_64_TO_32_BIT_CONVERSION = YES;
				GCC_WARN_ABOUT_RETURN_TYPE = YES_ERROR;
				GCC_WARN_UNDECLARED_SELECTOR = YES;
				GCC_WARN_UNINITIALIZED_AUTOS = YES_AGGRESSIVE;
				GCC_WARN_UNUSED_FUNCTION = YES;
				GCC_WARN_UNUSED_VARIABLE = YES;
				IPHONEOS_DEPLOYMENT_TARGET = 8.0;
				LLVM_LTO = NO;
				MTL_ENABLE_DEBUG_INFO = NO;
				ONLY_ACTIVE_ARCH = NO;
				SDKROOT = iphoneos;
				SWIFT_OPTIMIZATION_LEVEL = "-Owholemodule";
				TARGETED_DEVICE_FAMILY = "1,2";
				VALIDATE_PRODUCT = YES;
			};
			name = Release;
		};
		65CB4C551D29C3E300D2E1C1 /* Debug */ = {
			isa = XCBuildConfiguration;
			buildSettings = {
				ASSETCATALOG_COMPILER_APPICON_NAME = AppIcon;
				CODE_SIGN_IDENTITY = "iPhone Developer";
				"CODE_SIGN_IDENTITY[sdk=iphoneos*]" = "iPhone Developer";
				DEVELOPMENT_TEAM = PRK6268SLD;
				INFOPLIST_FILE = Questions/Info.plist;
				IPHONEOS_DEPLOYMENT_TARGET = 8.0;
				LD_RUNPATH_SEARCH_PATHS = "$(inherited) @executable_path/Frameworks";
				PRODUCT_BUNDLE_IDENTIFIER = "com.Daniel-illescas.QuestionsApp";
				PRODUCT_NAME = Questions;
				PROVISIONING_PROFILE = "";
				SWIFT_VERSION = 3.0;
				WARNING_CFLAGS = "";
			};
			name = Debug;
		};
		65CB4C561D29C3E300D2E1C1 /* Release */ = {
			isa = XCBuildConfiguration;
			buildSettings = {
				ASSETCATALOG_COMPILER_APPICON_NAME = AppIcon;
				CODE_SIGN_IDENTITY = "iPhone Developer";
				"CODE_SIGN_IDENTITY[sdk=iphoneos*]" = "iPhone Developer";
				DEVELOPMENT_TEAM = PRK6268SLD;
				INFOPLIST_FILE = Questions/Info.plist;
				IPHONEOS_DEPLOYMENT_TARGET = 8.0;
				LD_RUNPATH_SEARCH_PATHS = "$(inherited) @executable_path/Frameworks";
				PRODUCT_BUNDLE_IDENTIFIER = "com.Daniel-illescas.QuestionsApp";
				PRODUCT_NAME = Questions;
				PROVISIONING_PROFILE = "";
				SWIFT_VERSION = 3.0;
				WARNING_CFLAGS = "";
			};
			name = Release;
		};
/* End XCBuildConfiguration section */

/* Begin XCConfigurationList section */
		653D05621D43961900865D43 /* Build configuration list for PBXNativeTarget "QuestionsTests" */ = {
			isa = XCConfigurationList;
			buildConfigurations = (
				653D05631D43961900865D43 /* Debug */,
				653D05641D43961900865D43 /* Release */,
			);
			defaultConfigurationIsVisible = 0;
			defaultConfigurationName = Release;
		};
		653D05731D43CD2D00865D43 /* Build configuration list for PBXNativeTarget "QuestionsUITests" */ = {
			isa = XCConfigurationList;
			buildConfigurations = (
				653D05741D43CD2D00865D43 /* Debug */,
				653D05751D43CD2D00865D43 /* Release */,
			);
			defaultConfigurationIsVisible = 0;
			defaultConfigurationName = Release;
		};
		65CB4C3D1D29C3E300D2E1C1 /* Build configuration list for PBXProject "Questions" */ = {
			isa = XCConfigurationList;
			buildConfigurations = (
				65CB4C521D29C3E300D2E1C1 /* Debug */,
				65CB4C531D29C3E300D2E1C1 /* Release */,
			);
			defaultConfigurationIsVisible = 0;
			defaultConfigurationName = Release;
		};
		65CB4C541D29C3E300D2E1C1 /* Build configuration list for PBXNativeTarget "Questions" */ = {
			isa = XCConfigurationList;
			buildConfigurations = (
				65CB4C551D29C3E300D2E1C1 /* Debug */,
				65CB4C561D29C3E300D2E1C1 /* Release */,
			);
			defaultConfigurationIsVisible = 0;
			defaultConfigurationName = Release;
		};
/* End XCConfigurationList section */
	};
	rootObject = 65CB4C3A1D29C3E300D2E1C1 /* Project object */;
}
